PODS:
  - AFNetworking (3.2.1):
    - AFNetworking/NSURLSession (= 3.2.1)
    - AFNetworking/Reachability (= 3.2.1)
    - AFNetworking/Security (= 3.2.1)
    - AFNetworking/Serialization (= 3.2.1)
    - AFNetworking/UIKit (= 3.2.1)
  - AFNetworking/NSURLSession (3.2.1):
    - AFNetworking/Reachability
    - AFNetworking/Security
    - AFNetworking/Serialization
  - AFNetworking/Reachability (3.2.1)
  - AFNetworking/Security (3.2.1)
  - AFNetworking/Serialization (3.2.1)
  - AFNetworking/UIKit (3.2.1):
    - AFNetworking/NSURLSession
  - DZNEmptyDataSet (1.8.1)
  - IQKeyboardManager (6.0.4)
  - JCore (1.2.5)
  - JPush (3.1.0):
    - JCore (~> 1.2.0)
  - Masonry (1.1.0)
  - MJRefresh (3.1.15.3)
  - mob_sharesdk (4.1.4):
    - mob_sharesdk/ShareSDK (= 4.1.4)
    - MOBFoundation
  - mob_sharesdk/ShareSDK (4.1.4):
    - MOBFoundation
  - mob_sharesdk/ShareSDKExtension (4.1.4):
    - mob_sharesdk/ShareSDK
    - MOBFoundation
  - mob_sharesdk/ShareSDKPlatforms/Mail (4.1.4):
    - mob_sharesdk/ShareSDK
    - MOBFoundation
  - mob_sharesdk/ShareSDKPlatforms/QQ (4.1.4):
    - mob_sharesdk/ShareSDK
    - MOBFoundation
  - mob_sharesdk/ShareSDKPlatforms/SinaWeibo (4.1.4):
    - mob_sharesdk/ShareSDK
    - MOBFoundation
  - mob_sharesdk/ShareSDKPlatforms/SMS (4.1.4):
    - mob_sharesdk/ShareSDK
    - MOBFoundation
  - mob_sharesdk/ShareSDKPlatforms/WeChatFull (4.1.4):
    - mob_sharesdk/ShareSDK
    - MOBFoundation
  - mob_sharesdk/ShareSDKUI (4.1.4):
    - mob_sharesdk/ShareSDK
    - MOBFoundation
  - MOBFoundation (3.1.9)
  - SDCycleScrollView (1.75):
    - SDWebImage (>= 4.0.0)
  - SDWebImage (4.4.0):
    - SDWebImage/Core (= 4.4.0)
  - SDWebImage/Core (4.4.0)
  - SVProgressHUD (2.0.4)
  - TMSDK (0.0.3):
    - AFNetworking
    - JPush
  - TMShare (0.0.3):
    - mob_sharesdk (= 4.1.4)
    - mob_sharesdk/ShareSDKExtension (= 4.1.4)
    - mob_sharesdk/ShareSDKPlatforms/Mail (= 4.1.4)
    - mob_sharesdk/ShareSDKPlatforms/QQ (= 4.1.4)
    - mob_sharesdk/ShareSDKPlatforms/SinaWeibo (= 4.1.4)
    - mob_sharesdk/ShareSDKPlatforms/SMS (= 4.1.4)
    - mob_sharesdk/ShareSDKPlatforms/WeChatFull (= 4.1.4)
    - mob_sharesdk/ShareSDKUI (= 4.1.4)
    - TMSDK
  - TMUserCenter (0.0.3):
    - Masonry
    - MJRefresh
    - SDWebImage
    - SVProgressHUD
    - TMSDK
    - TMShare
  - UMengAnalytics-NO-IDFA (4.2.5)
  - WMPageController (2.5.2)
  - YYModel (1.0.4)
  - ZFPlayer (3.1.6):
    - ZFPlayer/Core (= 3.1.6)
  - ZFPlayer/AVPlayer (3.1.6):
    - ZFPlayer/Core
  - ZFPlayer/ControlView (3.1.6):
    - ZFPlayer/Core
  - ZFPlayer/Core (3.1.6)

DEPENDENCIES:
  - AFNetworking
  - DZNEmptyDataSet
  - IQKeyboardManager
  - Masonry
  - MJRefresh
  - SDCycleScrollView
  - SVProgressHUD (~> 2.0.3)
  - TMUserCenter
  - UMengAnalytics-NO-IDFA (~> 4.2.5)
  - WMPageController
  - YYModel
  - ZFPlayer (~> 3.0)
  - ZFPlayer/AVPlayer (~> 3.0)
  - ZFPlayer/ControlView (~> 3.0)

SPEC REPOS:
  https://github.com/cocoapods/specs.git:
    - AFNetworking
    - DZNEmptyDataSet
    - IQKeyboardManager
    - JCore
    - JPush
    - Masonry
    - MJRefresh
    - mob_sharesdk
    - MOBFoundation
    - SDCycleScrollView
    - SDWebImage
    - SVProgressHUD
    - TMSDK
    - TMShare
    - TMUserCenter
    - UMengAnalytics-NO-IDFA
    - WMPageController
    - YYModel
    - ZFPlayer

SPEC CHECKSUMS:
  AFNetworking: b6f891fdfaed196b46c7a83cf209e09697b94057
  DZNEmptyDataSet: 9525833b9e68ac21c30253e1d3d7076cc828eaa7
  IQKeyboardManager: 29514134ef0334a6fa33cf4eee11c36c064baeaf
  JCore: 14706de2640b25fb77dbd02332696491407f37c9
  JPush: 5921e25ad13e0386351079217b009f2039084eac
  Masonry: 678fab65091a9290e40e2832a55e7ab731aad201
  MJRefresh: b48380ae2b927b46c4ef000de9adb8dc748e1df7
  mob_sharesdk: 765cc2fd2fac0a6fd7c3e6c2b10d729ad006c608
  MOBFoundation: 11500153c10d83e4ac341f6ad6301b3998ce6db2
  SDCycleScrollView: 884b88f0266dd4708a0e1934975c69cb971707b1
  SDWebImage: b534502786e43dde36dfcaee89356fe6df30e203
  SVProgressHUD: bfde85ed6c573ea802b9cb37894ed9b629034f1b
  TMSDK: c6f8876f81beb07e3d33e609fc4061ccfc9540eb
  TMShare: 10aea72b2a63f6172fda5d531538acb180dd85f6
  TMUserCenter: 7fb0fae8d1fd3681a579e69b86f29f4f79b568fc
  UMengAnalytics-NO-IDFA: 16666e32edce5be44ae5b14aaaa7f3582e09d6ab
  WMPageController: 0c7624d2b48e4f1ab92371688cf6744ed701575d
  YYModel: 2a7fdd96aaa4b86a824e26d0c517de8928c04b30
  ZFPlayer: bac23889b25e83fd3644ec40c8e7e9622e331ecb

PODFILE CHECKSUM: 98f2c12fc9c69aeed857f77a59304379f097126f

COCOAPODS: 1.5.3
