// !$*UTF8*$!
{
	archiveVersion = 1;
	classes = {
	};
	objectVersion = 50;
	objects = {

/* Begin PBXBuildFile section */
		041391812143C20400A08BED /* HLHJNewProjectListCell.h in Headers */ = {isa = PBXBuildFile; fileRef = 0413917F2143C20400A08BED /* HLHJNewProjectListCell.h */; };
		041391822143C20400A08BED /* HLHJNewProjectListCell.m in Sources */ = {isa = PBXBuildFile; fileRef = 041391802143C20400A08BED /* HLHJNewProjectListCell.m */; };
		041391912143CB5C00A08BED /* HLHJNewDetailCommonToolView.m in Sources */ = {isa = PBXBuildFile; fileRef = 0413918F2143CB5C00A08BED /* HLHJNewDetailCommonToolView.m */; };
		041391922143CD6400A08BED /* HLHJNewDetailCommonToolView.h in Headers */ = {isa = PBXBuildFile; fileRef = 0413918E2143CB5C00A08BED /* HLHJNewDetailCommonToolView.h */; };
		041391952143D0B100A08BED /* HLHJNewDetailSectionOneCell.m in Sources */ = {isa = PBXBuildFile; fileRef = 041391932143D0B000A08BED /* HLHJNewDetailSectionOneCell.m */; };
		041391962143D0B100A08BED /* HLHJNewDetailSectionOneCell.h in Headers */ = {isa = PBXBuildFile; fileRef = 041391942143D0B000A08BED /* HLHJNewDetailSectionOneCell.h */; };
		04173DC720CE738200660F6F /* HLHJRecommendSix1TableViewCell.h in Headers */ = {isa = PBXBuildFile; fileRef = 04173DC520CE738200660F6F /* HLHJRecommendSix1TableViewCell.h */; };
		04173DC820CE738200660F6F /* HLHJRecommendSix1TableViewCell.m in Sources */ = {isa = PBXBuildFile; fileRef = 04173DC620CE738200660F6F /* HLHJRecommendSix1TableViewCell.m */; };
		042F248F20E082920018D1AA /* UIView+HLHJ.m in Sources */ = {isa = PBXBuildFile; fileRef = 042F247A20E082920018D1AA /* UIView+HLHJ.m */; };
		042F249020E082920018D1AA /* HLHJColumnMenuCell.h in Headers */ = {isa = PBXBuildFile; fileRef = 042F247B20E082920018D1AA /* HLHJColumnMenuCell.h */; };
		042F249120E082920018D1AA /* HLHJColumnMenuHeaderView.h in Headers */ = {isa = PBXBuildFile; fileRef = 042F247C20E082920018D1AA /* HLHJColumnMenuHeaderView.h */; };
		042F249220E082920018D1AA /* HLHJConfig.m in Sources */ = {isa = PBXBuildFile; fileRef = 042F247D20E082920018D1AA /* HLHJConfig.m */; };
		042F249320E082920018D1AA /* HLHJColumnMenu.m in Sources */ = {isa = PBXBuildFile; fileRef = 042F247E20E082920018D1AA /* HLHJColumnMenu.m */; };
		042F249420E082920018D1AA /* HLHJColumnMenuModel.h in Headers */ = {isa = PBXBuildFile; fileRef = 042F247F20E082920018D1AA /* HLHJColumnMenuModel.h */; };
		042F249520E082920018D1AA /* HLHJColumnMenuCell.m in Sources */ = {isa = PBXBuildFile; fileRef = 042F248020E082920018D1AA /* HLHJColumnMenuCell.m */; };
		042F249620E082920018D1AA /* UIView+HLHJ.h in Headers */ = {isa = PBXBuildFile; fileRef = 042F248120E082920018D1AA /* UIView+HLHJ.h */; };
		042F249720E082920018D1AA /* HLHJColumnMenuHeaderView.m in Sources */ = {isa = PBXBuildFile; fileRef = 042F248220E082920018D1AA /* HLHJColumnMenuHeaderView.m */; };
		042F249820E082920018D1AA /* HLHJConfig.h in Headers */ = {isa = PBXBuildFile; fileRef = 042F248320E082920018D1AA /* HLHJConfig.h */; };
		042F249920E082920018D1AA /* HLHJColumnMenuModel.m in Sources */ = {isa = PBXBuildFile; fileRef = 042F248420E082920018D1AA /* HLHJColumnMenuModel.m */; };
		042F249A20E082920018D1AA /* HLHJColumnMenu.h in Headers */ = {isa = PBXBuildFile; fileRef = 042F248520E082920018D1AA /* HLHJColumnMenu.h */; };
		042F24AA20E0CC340018D1AA /* HLHJContentModel.h in Headers */ = {isa = PBXBuildFile; fileRef = 042F24A820E0CC340018D1AA /* HLHJContentModel.h */; };
		042F24AB20E0CC340018D1AA /* HLHJContentModel.m in Sources */ = {isa = PBXBuildFile; fileRef = 042F24A920E0CC340018D1AA /* HLHJContentModel.m */; };
		042F24AE20E0D3960018D1AA /* HLHJRecommendFiveTableViewCell.h in Headers */ = {isa = PBXBuildFile; fileRef = 042F24AC20E0D3960018D1AA /* HLHJRecommendFiveTableViewCell.h */; };
		042F24AF20E0D3960018D1AA /* HLHJRecommendFiveTableViewCell.m in Sources */ = {isa = PBXBuildFile; fileRef = 042F24AD20E0D3960018D1AA /* HLHJRecommendFiveTableViewCell.m */; };
		042F24BD20E0DEF50018D1AA /* HLHJRecommendOneTableViewCell.m in Sources */ = {isa = PBXBuildFile; fileRef = 042F24BC20E0DEF40018D1AA /* HLHJRecommendOneTableViewCell.m */; };
		043ED10420C4EBAD00FF6933 /* HLHJNewsSDK.h in Headers */ = {isa = PBXBuildFile; fileRef = 043ED10220C4EBAD00FF6933 /* HLHJNewsSDK.h */; settings = {ATTRIBUTES = (Public, ); }; };
		043ED16720C5074000FF6933 /* HLHJPrefixHeader.pch in Headers */ = {isa = PBXBuildFile; fileRef = 043ED16620C5074000FF6933 /* HLHJPrefixHeader.pch */; };
		043ED16F20C508A400FF6933 /* HLHJNewsBaseVC.h in Headers */ = {isa = PBXBuildFile; fileRef = 043ED16D20C508A400FF6933 /* HLHJNewsBaseVC.h */; settings = {ATTRIBUTES = (Public, ); }; };
		043ED17020C508A400FF6933 /* HLHJNewsBaseVC.m in Sources */ = {isa = PBXBuildFile; fileRef = 043ED16E20C508A400FF6933 /* HLHJNewsBaseVC.m */; };
		043ED17520C5090C00FF6933 /* HLHJNewsViewController.h in Headers */ = {isa = PBXBuildFile; fileRef = 043ED17320C5090C00FF6933 /* HLHJNewsViewController.h */; settings = {ATTRIBUTES = (Public, ); }; };
		043ED17620C5090C00FF6933 /* HLHJNewsViewController.m in Sources */ = {isa = PBXBuildFile; fileRef = 043ED17420C5090C00FF6933 /* HLHJNewsViewController.m */; };
		0464098E20CF61FE008DF29B /* HLHJInfomationNetWorkTool.h in Headers */ = {isa = PBXBuildFile; fileRef = 0464098C20CF61FE008DF29B /* HLHJInfomationNetWorkTool.h */; };
		0464098F20CF61FE008DF29B /* HLHJInfomationNetWorkTool.m in Sources */ = {isa = PBXBuildFile; fileRef = 0464098D20CF61FE008DF29B /* HLHJInfomationNetWorkTool.m */; };
		046409A020CF631F008DF29B /* UIColor+HLHJHex.h in Headers */ = {isa = PBXBuildFile; fileRef = 0464099E20CF631F008DF29B /* UIColor+HLHJHex.h */; };
		046409A120CF631F008DF29B /* UIColor+HLHJHex.m in Sources */ = {isa = PBXBuildFile; fileRef = 0464099F20CF631F008DF29B /* UIColor+HLHJHex.m */; };
		046409A420CF726A008DF29B /* HLHJSubjectNameListModel.h in Headers */ = {isa = PBXBuildFile; fileRef = 046409A220CF726A008DF29B /* HLHJSubjectNameListModel.h */; };
		046409A520CF726A008DF29B /* HLHJSubjectNameListModel.m in Sources */ = {isa = PBXBuildFile; fileRef = 046409A320CF726A008DF29B /* HLHJSubjectNameListModel.m */; };
		046409BD20CFA4DC008DF29B /* HLHJCategoryNameModel.h in Headers */ = {isa = PBXBuildFile; fileRef = 046409BB20CFA4DC008DF29B /* HLHJCategoryNameModel.h */; };
		046409BE20CFA4DC008DF29B /* HLHJCategoryNameModel.m in Sources */ = {isa = PBXBuildFile; fileRef = 046409BC20CFA4DC008DF29B /* HLHJCategoryNameModel.m */; };
		0465F12F20C62ADF006CB9E7 /* HLHJRecommendTwoTableViewCell.h in Headers */ = {isa = PBXBuildFile; fileRef = 0465F12D20C62ADF006CB9E7 /* HLHJRecommendTwoTableViewCell.h */; };
		0465F13020C62ADF006CB9E7 /* HLHJRecommendTwoTableViewCell.m in Sources */ = {isa = PBXBuildFile; fileRef = 0465F12E20C62ADF006CB9E7 /* HLHJRecommendTwoTableViewCell.m */; };
		0465F13D20C6598D006CB9E7 /* HLHJRecommendThreeTableViewCell.h in Headers */ = {isa = PBXBuildFile; fileRef = 0465F13B20C6598D006CB9E7 /* HLHJRecommendThreeTableViewCell.h */; };
		0465F13E20C6598D006CB9E7 /* HLHJRecommendThreeTableViewCell.m in Sources */ = {isa = PBXBuildFile; fileRef = 0465F13C20C6598D006CB9E7 /* HLHJRecommendThreeTableViewCell.m */; };
		0465F14120C66A0D006CB9E7 /* HLHJRecommendedViewController.h in Headers */ = {isa = PBXBuildFile; fileRef = 0465F13F20C66A0D006CB9E7 /* HLHJRecommendedViewController.h */; };
		0465F14220C66A0D006CB9E7 /* HLHJRecommendedViewController.m in Sources */ = {isa = PBXBuildFile; fileRef = 0465F14020C66A0D006CB9E7 /* HLHJRecommendedViewController.m */; };
		0465F14B20C66F00006CB9E7 /* HLHJRecommendSix2TableViewCell.h in Headers */ = {isa = PBXBuildFile; fileRef = 0465F14920C66F00006CB9E7 /* HLHJRecommendSix2TableViewCell.h */; };
		0465F14C20C66F00006CB9E7 /* HLHJRecommendSix2TableViewCell.m in Sources */ = {isa = PBXBuildFile; fileRef = 0465F14A20C66F00006CB9E7 /* HLHJRecommendSix2TableViewCell.m */; };
		0465F14F20C68400006CB9E7 /* HLHJRecommendOneTableViewCell.h in Headers */ = {isa = PBXBuildFile; fileRef = 0465F14D20C68400006CB9E7 /* HLHJRecommendOneTableViewCell.h */; };
		047108AF20E21BA900018FC4 /* HLHJNewsDetilModel.h in Headers */ = {isa = PBXBuildFile; fileRef = 047108AD20E21BA900018FC4 /* HLHJNewsDetilModel.h */; };
		047108B020E21BA900018FC4 /* HLHJNewsDetilModel.m in Sources */ = {isa = PBXBuildFile; fileRef = 047108AE20E21BA900018FC4 /* HLHJNewsDetilModel.m */; };
		047108BC20E21DF000018FC4 /* HLHJArticleDetailTableViewCell.m in Sources */ = {isa = PBXBuildFile; fileRef = 047108BA20E21DF000018FC4 /* HLHJArticleDetailTableViewCell.m */; };
		047108BD20E21DF000018FC4 /* HLHJArticleDetailTableViewCell.h in Headers */ = {isa = PBXBuildFile; fileRef = 047108BB20E21DF000018FC4 /* HLHJArticleDetailTableViewCell.h */; };
		047108C020E21E8300018FC4 /* HLHJMoreTableViewCell.h in Headers */ = {isa = PBXBuildFile; fileRef = 047108BE20E21E8300018FC4 /* HLHJMoreTableViewCell.h */; };
		047108C120E21E8300018FC4 /* HLHJMoreTableViewCell.m in Sources */ = {isa = PBXBuildFile; fileRef = 047108BF20E21E8300018FC4 /* HLHJMoreTableViewCell.m */; };
		047108C620E231E200018FC4 /* HLHJNewsSearchViewController.h in Headers */ = {isa = PBXBuildFile; fileRef = 047108C420E231E200018FC4 /* HLHJNewsSearchViewController.h */; };
		047108C720E231E200018FC4 /* HLHJNewsSearchViewController.m in Sources */ = {isa = PBXBuildFile; fileRef = 047108C520E231E200018FC4 /* HLHJNewsSearchViewController.m */; };
		0476591320CF5734000FD790 /* HLHJProjectListViewController.h in Headers */ = {isa = PBXBuildFile; fileRef = 0476591120CF5734000FD790 /* HLHJProjectListViewController.h */; };
		0476591420CF5734000FD790 /* HLHJProjectListViewController.m in Sources */ = {isa = PBXBuildFile; fileRef = 0476591220CF5734000FD790 /* HLHJProjectListViewController.m */; };
		0476591B20CF5CBE000FD790 /* HLHJNewsDetailViewController.h in Headers */ = {isa = PBXBuildFile; fileRef = 0476591920CF5CBE000FD790 /* HLHJNewsDetailViewController.h */; settings = {ATTRIBUTES = (Public, ); }; };
		0476591C20CF5CBE000FD790 /* HLHJNewsDetailViewController.m in Sources */ = {isa = PBXBuildFile; fileRef = 0476591A20CF5CBE000FD790 /* HLHJNewsDetailViewController.m */; };
		04AEFD9C20E1EEB40083847C /* HLHJBrowserImageView.h in Headers */ = {isa = PBXBuildFile; fileRef = 04AEFD8C20E1EEB40083847C /* HLHJBrowserImageView.h */; };
		04AEFD9D20E1EEB40083847C /* HLHJPhotoBrowserConfig.h in Headers */ = {isa = PBXBuildFile; fileRef = 04AEFD8D20E1EEB40083847C /* HLHJPhotoBrowserConfig.h */; };
		04AEFD9E20E1EEB40083847C /* HLHJPhotoBrowser.h in Headers */ = {isa = PBXBuildFile; fileRef = 04AEFD8E20E1EEB40083847C /* HLHJPhotoBrowser.h */; };
		04AEFD9F20E1EEB40083847C /* HLHJWaitingView.h in Headers */ = {isa = PBXBuildFile; fileRef = 04AEFD8F20E1EEB40083847C /* HLHJWaitingView.h */; };
		04AEFDA020E1EEB40083847C /* HLHJBrowserImageView.m in Sources */ = {isa = PBXBuildFile; fileRef = 04AEFD9020E1EEB40083847C /* HLHJBrowserImageView.m */; };
		04AEFDA120E1EEB40083847C /* HLHJPhotoBrowser.m in Sources */ = {isa = PBXBuildFile; fileRef = 04AEFD9120E1EEB40083847C /* HLHJPhotoBrowser.m */; };
		04AEFDA320E1EF6F0083847C /* HLHJWaitingView.m in Sources */ = {isa = PBXBuildFile; fileRef = 04AEFDA220E1EF6F0083847C /* HLHJWaitingView.m */; };
		04EA1AA220E33C4400DC649C /* HLHJNewsToast.h in Headers */ = {isa = PBXBuildFile; fileRef = 04EA1AA020E33C4400DC649C /* HLHJNewsToast.h */; };
		04EA1AA320E33C4400DC649C /* HLHJNewsToast.m in Sources */ = {isa = PBXBuildFile; fileRef = 04EA1AA120E33C4400DC649C /* HLHJNewsToast.m */; };
		04EA1AA820E35C4B00DC649C /* HLHJNewsCommentTableCell.h in Headers */ = {isa = PBXBuildFile; fileRef = 04EA1AA620E35C4B00DC649C /* HLHJNewsCommentTableCell.h */; };
		04EA1AA920E35C4B00DC649C /* HLHJNewsCommentTableCell.m in Sources */ = {isa = PBXBuildFile; fileRef = 04EA1AA720E35C4B00DC649C /* HLHJNewsCommentTableCell.m */; };
		04EA1AB520E35CC600DC649C /* HLHJNewsConmmetModel.h in Headers */ = {isa = PBXBuildFile; fileRef = 04EA1AB320E35CC600DC649C /* HLHJNewsConmmetModel.h */; };
		04EA1AB620E35CC600DC649C /* HLHJNewsConmmetModel.m in Sources */ = {isa = PBXBuildFile; fileRef = 04EA1AB420E35CC600DC649C /* HLHJNewsConmmetModel.m */; };
		04EA1AB920E3605700DC649C /* HLHJMoreCommentViewController.h in Headers */ = {isa = PBXBuildFile; fileRef = 04EA1AB720E3605700DC649C /* HLHJMoreCommentViewController.h */; };
		04EA1ABA20E3605700DC649C /* HLHJMoreCommentViewController.m in Sources */ = {isa = PBXBuildFile; fileRef = 04EA1AB820E3605700DC649C /* HLHJMoreCommentViewController.m */; };
		EE53213C231AAE026F5081AD /* Pods_HLHJInformationSDK.framework in Frameworks */ = {isa = PBXBuildFile; fileRef = E8BE2C83BE63CF8837E1CDFD /* Pods_HLHJInformationSDK.framework */; };
/* End PBXBuildFile section */

/* Begin PBXContainerItemProxy section */
		045D9A0E20F71E510075886B /* PBXContainerItemProxy */ = {
			isa = PBXContainerItemProxy;
			containerPortal = 0476594520CF608A000FD790 /* Pods.xcodeproj */;
			proxyType = 2;
			remoteGlobalIDString = 0AE8D813BB997103525923548B034817;
			remoteInfo = SVProgressHUD;
		};
		0464097E20CF6137008DF29B /* PBXContainerItemProxy */ = {
			isa = PBXContainerItemProxy;
			containerPortal = 0476594520CF608A000FD790 /* Pods.xcodeproj */;
			proxyType = 2;
			remoteGlobalIDString = F4B224E6B6F70F797AD1B58FB0C0B1AE;
			remoteInfo = Masonry;
		};
		0464098020CF6137008DF29B /* PBXContainerItemProxy */ = {
			isa = PBXContainerItemProxy;
			containerPortal = 0476594520CF608A000FD790 /* Pods.xcodeproj */;
			proxyType = 2;
			remoteGlobalIDString = 4687F1C08B37C70E8D2D044750E48C6D;
			remoteInfo = "Pods-HLHJInformationSDK";
		};
		0464098220CF6137008DF29B /* PBXContainerItemProxy */ = {
			isa = PBXContainerItemProxy;
			containerPortal = 0476594520CF608A000FD790 /* Pods.xcodeproj */;
			proxyType = 2;
			remoteGlobalIDString = ED87467063C99AFDBDEAC1F556795CA5;
			remoteInfo = SDCycleScrollView;
		};
		0464098420CF6137008DF29B /* PBXContainerItemProxy */ = {
			isa = PBXContainerItemProxy;
			containerPortal = 0476594520CF608A000FD790 /* Pods.xcodeproj */;
			proxyType = 2;
			remoteGlobalIDString = 46B76D0BFE22CF1106A7C0F19FB3199B;
			remoteInfo = SDWebImage;
		};
		0464098620CF6137008DF29B /* PBXContainerItemProxy */ = {
			isa = PBXContainerItemProxy;
			containerPortal = 0476594520CF608A000FD790 /* Pods.xcodeproj */;
			proxyType = 2;
			remoteGlobalIDString = 01356B9E1813CF90CB11B0E5ACD364A8;
			remoteInfo = WMPageController;
		};
		0464098820CF6137008DF29B /* PBXContainerItemProxy */ = {
			isa = PBXContainerItemProxy;
			containerPortal = 0476594520CF608A000FD790 /* Pods.xcodeproj */;
			proxyType = 2;
			remoteGlobalIDString = DFA29B359F77000EC2E045835201967B;
			remoteInfo = ZFPlayer;
		};
		0464099820CF61FF008DF29B /* PBXContainerItemProxy */ = {
			isa = PBXContainerItemProxy;
			containerPortal = 0476594520CF608A000FD790 /* Pods.xcodeproj */;
			proxyType = 2;
			remoteGlobalIDString = 19A24A9FA4C42383F9C664441CEC9CF6;
			remoteInfo = AFNetworking;
		};
		0464099A20CF61FF008DF29B /* PBXContainerItemProxy */ = {
			isa = PBXContainerItemProxy;
			containerPortal = 0476594520CF608A000FD790 /* Pods.xcodeproj */;
			proxyType = 2;
			remoteGlobalIDString = EDE32B0E2F0710A8CFF6821CBF49F397;
			remoteInfo = MJRefresh;
		};
		046409B520CF79BC008DF29B /* PBXContainerItemProxy */ = {
			isa = PBXContainerItemProxy;
			containerPortal = 0476594520CF608A000FD790 /* Pods.xcodeproj */;
			proxyType = 2;
			remoteGlobalIDString = 34113FF68B1A0A2C19BA089591583D93;
			remoteInfo = YYModel;
		};
		04D4B93A20F60D810060545A /* PBXContainerItemProxy */ = {
			isa = PBXContainerItemProxy;
			containerPortal = 0476594520CF608A000FD790 /* Pods.xcodeproj */;
			proxyType = 2;
			remoteGlobalIDString = 8F9136D6E9F3A56A5B1A97AD0F0001DF;
			remoteInfo = DZNEmptyDataSet;
		};
/* End PBXContainerItemProxy section */

/* Begin PBXFileReference section */
		0413917F2143C20400A08BED /* HLHJNewProjectListCell.h */ = {isa = PBXFileReference; lastKnownFileType = sourcecode.c.h; path = HLHJNewProjectListCell.h; sourceTree = "<group>"; };
		041391802143C20400A08BED /* HLHJNewProjectListCell.m */ = {isa = PBXFileReference; lastKnownFileType = sourcecode.c.objc; path = HLHJNewProjectListCell.m; sourceTree = "<group>"; };
		0413918E2143CB5C00A08BED /* HLHJNewDetailCommonToolView.h */ = {isa = PBXFileReference; lastKnownFileType = sourcecode.c.h; path = HLHJNewDetailCommonToolView.h; sourceTree = "<group>"; };
		0413918F2143CB5C00A08BED /* HLHJNewDetailCommonToolView.m */ = {isa = PBXFileReference; lastKnownFileType = sourcecode.c.objc; path = HLHJNewDetailCommonToolView.m; sourceTree = "<group>"; };
		041391932143D0B000A08BED /* HLHJNewDetailSectionOneCell.m */ = {isa = PBXFileReference; fileEncoding = 4; lastKnownFileType = sourcecode.c.objc; path = HLHJNewDetailSectionOneCell.m; sourceTree = "<group>"; };
		041391942143D0B000A08BED /* HLHJNewDetailSectionOneCell.h */ = {isa = PBXFileReference; fileEncoding = 4; lastKnownFileType = sourcecode.c.h; path = HLHJNewDetailSectionOneCell.h; sourceTree = "<group>"; };
		04173DC520CE738200660F6F /* HLHJRecommendSix1TableViewCell.h */ = {isa = PBXFileReference; lastKnownFileType = sourcecode.c.h; path = HLHJRecommendSix1TableViewCell.h; sourceTree = "<group>"; };
		04173DC620CE738200660F6F /* HLHJRecommendSix1TableViewCell.m */ = {isa = PBXFileReference; lastKnownFileType = sourcecode.c.objc; path = HLHJRecommendSix1TableViewCell.m; sourceTree = "<group>"; };
		042F247A20E082920018D1AA /* UIView+HLHJ.m */ = {isa = PBXFileReference; fileEncoding = 4; lastKnownFileType = sourcecode.c.objc; path = "UIView+HLHJ.m"; sourceTree = "<group>"; };
		042F247B20E082920018D1AA /* HLHJColumnMenuCell.h */ = {isa = PBXFileReference; fileEncoding = 4; lastKnownFileType = sourcecode.c.h; path = HLHJColumnMenuCell.h; sourceTree = "<group>"; };
		042F247C20E082920018D1AA /* HLHJColumnMenuHeaderView.h */ = {isa = PBXFileReference; fileEncoding = 4; lastKnownFileType = sourcecode.c.h; path = HLHJColumnMenuHeaderView.h; sourceTree = "<group>"; };
		042F247D20E082920018D1AA /* HLHJConfig.m */ = {isa = PBXFileReference; fileEncoding = 4; lastKnownFileType = sourcecode.c.objc; path = HLHJConfig.m; sourceTree = "<group>"; };
		042F247E20E082920018D1AA /* HLHJColumnMenu.m */ = {isa = PBXFileReference; fileEncoding = 4; lastKnownFileType = sourcecode.c.objc; path = HLHJColumnMenu.m; sourceTree = "<group>"; };
		042F247F20E082920018D1AA /* HLHJColumnMenuModel.h */ = {isa = PBXFileReference; fileEncoding = 4; lastKnownFileType = sourcecode.c.h; path = HLHJColumnMenuModel.h; sourceTree = "<group>"; };
		042F248020E082920018D1AA /* HLHJColumnMenuCell.m */ = {isa = PBXFileReference; fileEncoding = 4; lastKnownFileType = sourcecode.c.objc; path = HLHJColumnMenuCell.m; sourceTree = "<group>"; };
		042F248120E082920018D1AA /* UIView+HLHJ.h */ = {isa = PBXFileReference; fileEncoding = 4; lastKnownFileType = sourcecode.c.h; path = "UIView+HLHJ.h"; sourceTree = "<group>"; };
		042F248220E082920018D1AA /* HLHJColumnMenuHeaderView.m */ = {isa = PBXFileReference; fileEncoding = 4; lastKnownFileType = sourcecode.c.objc; path = HLHJColumnMenuHeaderView.m; sourceTree = "<group>"; };
		042F248320E082920018D1AA /* HLHJConfig.h */ = {isa = PBXFileReference; fileEncoding = 4; lastKnownFileType = sourcecode.c.h; path = HLHJConfig.h; sourceTree = "<group>"; };
		042F248420E082920018D1AA /* HLHJColumnMenuModel.m */ = {isa = PBXFileReference; fileEncoding = 4; lastKnownFileType = sourcecode.c.objc; path = HLHJColumnMenuModel.m; sourceTree = "<group>"; };
		042F248520E082920018D1AA /* HLHJColumnMenu.h */ = {isa = PBXFileReference; fileEncoding = 4; lastKnownFileType = sourcecode.c.h; path = HLHJColumnMenu.h; sourceTree = "<group>"; };
		042F24A820E0CC340018D1AA /* HLHJContentModel.h */ = {isa = PBXFileReference; lastKnownFileType = sourcecode.c.h; path = HLHJContentModel.h; sourceTree = "<group>"; };
		042F24A920E0CC340018D1AA /* HLHJContentModel.m */ = {isa = PBXFileReference; lastKnownFileType = sourcecode.c.objc; path = HLHJContentModel.m; sourceTree = "<group>"; };
		042F24AC20E0D3960018D1AA /* HLHJRecommendFiveTableViewCell.h */ = {isa = PBXFileReference; lastKnownFileType = sourcecode.c.h; path = HLHJRecommendFiveTableViewCell.h; sourceTree = "<group>"; };
		042F24AD20E0D3960018D1AA /* HLHJRecommendFiveTableViewCell.m */ = {isa = PBXFileReference; lastKnownFileType = sourcecode.c.objc; path = HLHJRecommendFiveTableViewCell.m; sourceTree = "<group>"; };
		042F24BC20E0DEF40018D1AA /* HLHJRecommendOneTableViewCell.m */ = {isa = PBXFileReference; fileEncoding = 4; lastKnownFileType = sourcecode.c.objc; path = HLHJRecommendOneTableViewCell.m; sourceTree = "<group>"; };
		043ED0FF20C4EBAD00FF6933 /* HLHJInformationSDK.framework */ = {isa = PBXFileReference; explicitFileType = wrapper.framework; includeInIndex = 0; path = HLHJInformationSDK.framework; sourceTree = BUILT_PRODUCTS_DIR; };
		043ED10220C4EBAD00FF6933 /* HLHJNewsSDK.h */ = {isa = PBXFileReference; lastKnownFileType = sourcecode.c.h; path = HLHJNewsSDK.h; sourceTree = "<group>"; };
		043ED10320C4EBAD00FF6933 /* Info.plist */ = {isa = PBXFileReference; lastKnownFileType = text.plist.xml; path = Info.plist; sourceTree = "<group>"; };
		043ED16620C5074000FF6933 /* HLHJPrefixHeader.pch */ = {isa = PBXFileReference; lastKnownFileType = sourcecode.c.h; path = HLHJPrefixHeader.pch; sourceTree = "<group>"; };
		043ED16D20C508A400FF6933 /* HLHJNewsBaseVC.h */ = {isa = PBXFileReference; lastKnownFileType = sourcecode.c.h; path = HLHJNewsBaseVC.h; sourceTree = "<group>"; };
		043ED16E20C508A400FF6933 /* HLHJNewsBaseVC.m */ = {isa = PBXFileReference; lastKnownFileType = sourcecode.c.objc; path = HLHJNewsBaseVC.m; sourceTree = "<group>"; };
		043ED17320C5090C00FF6933 /* HLHJNewsViewController.h */ = {isa = PBXFileReference; lastKnownFileType = sourcecode.c.h; path = HLHJNewsViewController.h; sourceTree = "<group>"; };
		043ED17420C5090C00FF6933 /* HLHJNewsViewController.m */ = {isa = PBXFileReference; lastKnownFileType = sourcecode.c.objc; path = HLHJNewsViewController.m; sourceTree = "<group>"; };
		0464098C20CF61FE008DF29B /* HLHJInfomationNetWorkTool.h */ = {isa = PBXFileReference; lastKnownFileType = sourcecode.c.h; path = HLHJInfomationNetWorkTool.h; sourceTree = "<group>"; };
		0464098D20CF61FE008DF29B /* HLHJInfomationNetWorkTool.m */ = {isa = PBXFileReference; lastKnownFileType = sourcecode.c.objc; path = HLHJInfomationNetWorkTool.m; sourceTree = "<group>"; };
		0464099E20CF631F008DF29B /* UIColor+HLHJHex.h */ = {isa = PBXFileReference; lastKnownFileType = sourcecode.c.h; path = "UIColor+HLHJHex.h"; sourceTree = "<group>"; };
		0464099F20CF631F008DF29B /* UIColor+HLHJHex.m */ = {isa = PBXFileReference; lastKnownFileType = sourcecode.c.objc; path = "UIColor+HLHJHex.m"; sourceTree = "<group>"; };
		046409A220CF726A008DF29B /* HLHJSubjectNameListModel.h */ = {isa = PBXFileReference; lastKnownFileType = sourcecode.c.h; path = HLHJSubjectNameListModel.h; sourceTree = "<group>"; };
		046409A320CF726A008DF29B /* HLHJSubjectNameListModel.m */ = {isa = PBXFileReference; lastKnownFileType = sourcecode.c.objc; path = HLHJSubjectNameListModel.m; sourceTree = "<group>"; };
		046409BB20CFA4DC008DF29B /* HLHJCategoryNameModel.h */ = {isa = PBXFileReference; lastKnownFileType = sourcecode.c.h; path = HLHJCategoryNameModel.h; sourceTree = "<group>"; };
		046409BC20CFA4DC008DF29B /* HLHJCategoryNameModel.m */ = {isa = PBXFileReference; lastKnownFileType = sourcecode.c.objc; path = HLHJCategoryNameModel.m; sourceTree = "<group>"; };
		0465F12D20C62ADF006CB9E7 /* HLHJRecommendTwoTableViewCell.h */ = {isa = PBXFileReference; lastKnownFileType = sourcecode.c.h; path = HLHJRecommendTwoTableViewCell.h; sourceTree = "<group>"; };
		0465F12E20C62ADF006CB9E7 /* HLHJRecommendTwoTableViewCell.m */ = {isa = PBXFileReference; lastKnownFileType = sourcecode.c.objc; path = HLHJRecommendTwoTableViewCell.m; sourceTree = "<group>"; };
		0465F13520C639B4006CB9E7 /* ZFPlayer.framework */ = {isa = PBXFileReference; explicitFileType = wrapper.framework; path = ZFPlayer.framework; sourceTree = BUILT_PRODUCTS_DIR; };
		0465F13B20C6598D006CB9E7 /* HLHJRecommendThreeTableViewCell.h */ = {isa = PBXFileReference; lastKnownFileType = sourcecode.c.h; path = HLHJRecommendThreeTableViewCell.h; sourceTree = "<group>"; };
		0465F13C20C6598D006CB9E7 /* HLHJRecommendThreeTableViewCell.m */ = {isa = PBXFileReference; lastKnownFileType = sourcecode.c.objc; path = HLHJRecommendThreeTableViewCell.m; sourceTree = "<group>"; };
		0465F13F20C66A0D006CB9E7 /* HLHJRecommendedViewController.h */ = {isa = PBXFileReference; lastKnownFileType = sourcecode.c.h; path = HLHJRecommendedViewController.h; sourceTree = "<group>"; };
		0465F14020C66A0D006CB9E7 /* HLHJRecommendedViewController.m */ = {isa = PBXFileReference; lastKnownFileType = sourcecode.c.objc; path = HLHJRecommendedViewController.m; sourceTree = "<group>"; };
		0465F14920C66F00006CB9E7 /* HLHJRecommendSix2TableViewCell.h */ = {isa = PBXFileReference; lastKnownFileType = sourcecode.c.h; path = HLHJRecommendSix2TableViewCell.h; sourceTree = "<group>"; };
		0465F14A20C66F00006CB9E7 /* HLHJRecommendSix2TableViewCell.m */ = {isa = PBXFileReference; lastKnownFileType = sourcecode.c.objc; path = HLHJRecommendSix2TableViewCell.m; sourceTree = "<group>"; };
		0465F14D20C68400006CB9E7 /* HLHJRecommendOneTableViewCell.h */ = {isa = PBXFileReference; lastKnownFileType = sourcecode.c.h; path = HLHJRecommendOneTableViewCell.h; sourceTree = "<group>"; };
		047108AD20E21BA900018FC4 /* HLHJNewsDetilModel.h */ = {isa = PBXFileReference; lastKnownFileType = sourcecode.c.h; path = HLHJNewsDetilModel.h; sourceTree = "<group>"; };
		047108AE20E21BA900018FC4 /* HLHJNewsDetilModel.m */ = {isa = PBXFileReference; lastKnownFileType = sourcecode.c.objc; path = HLHJNewsDetilModel.m; sourceTree = "<group>"; };
		047108BA20E21DF000018FC4 /* HLHJArticleDetailTableViewCell.m */ = {isa = PBXFileReference; fileEncoding = 4; lastKnownFileType = sourcecode.c.objc; path = HLHJArticleDetailTableViewCell.m; sourceTree = "<group>"; };
		047108BB20E21DF000018FC4 /* HLHJArticleDetailTableViewCell.h */ = {isa = PBXFileReference; fileEncoding = 4; lastKnownFileType = sourcecode.c.h; path = HLHJArticleDetailTableViewCell.h; sourceTree = "<group>"; };
		047108BE20E21E8300018FC4 /* HLHJMoreTableViewCell.h */ = {isa = PBXFileReference; fileEncoding = 4; lastKnownFileType = sourcecode.c.h; path = HLHJMoreTableViewCell.h; sourceTree = "<group>"; };
		047108BF20E21E8300018FC4 /* HLHJMoreTableViewCell.m */ = {isa = PBXFileReference; fileEncoding = 4; lastKnownFileType = sourcecode.c.objc; path = HLHJMoreTableViewCell.m; sourceTree = "<group>"; };
		047108C420E231E200018FC4 /* HLHJNewsSearchViewController.h */ = {isa = PBXFileReference; lastKnownFileType = sourcecode.c.h; path = HLHJNewsSearchViewController.h; sourceTree = "<group>"; };
		047108C520E231E200018FC4 /* HLHJNewsSearchViewController.m */ = {isa = PBXFileReference; lastKnownFileType = sourcecode.c.objc; path = HLHJNewsSearchViewController.m; sourceTree = "<group>"; };
		0476591120CF5734000FD790 /* HLHJProjectListViewController.h */ = {isa = PBXFileReference; lastKnownFileType = sourcecode.c.h; path = HLHJProjectListViewController.h; sourceTree = "<group>"; };
		0476591220CF5734000FD790 /* HLHJProjectListViewController.m */ = {isa = PBXFileReference; lastKnownFileType = sourcecode.c.objc; path = HLHJProjectListViewController.m; sourceTree = "<group>"; };
		0476591920CF5CBE000FD790 /* HLHJNewsDetailViewController.h */ = {isa = PBXFileReference; lastKnownFileType = sourcecode.c.h; path = HLHJNewsDetailViewController.h; sourceTree = "<group>"; };
		0476591A20CF5CBE000FD790 /* HLHJNewsDetailViewController.m */ = {isa = PBXFileReference; lastKnownFileType = sourcecode.c.objc; path = HLHJNewsDetailViewController.m; sourceTree = "<group>"; };
		0476591E20CF608A000FD790 /* HLHJInformationSDK.xcodeproj */ = {isa = PBXFileReference; lastKnownFileType = "wrapper.pb-project"; path = HLHJInformationSDK.xcodeproj; sourceTree = "<group>"; };
		0476591F20CF608A000FD790 /* Pods-HLHJNewsSDK-acknowledgements.plist */ = {isa = PBXFileReference; lastKnownFileType = text.plist; name = "Pods-HLHJNewsSDK-acknowledgements.plist"; path = "Pods/Target Support Files/Pods-HLHJNewsSDK/Pods-HLHJNewsSDK-acknowledgements.plist"; sourceTree = "<group>"; };
		0476592020CF608A000FD790 /* Pods-HLHJNewsSDK.debug.xcconfig */ = {isa = PBXFileReference; lastKnownFileType = text.xcconfig; name = "Pods-HLHJNewsSDK.debug.xcconfig"; path = "Pods/Target Support Files/Pods-HLHJNewsSDK/Pods-HLHJNewsSDK.debug.xcconfig"; sourceTree = "<group>"; };
		0476592120CF608A000FD790 /* Pods-HLHJNewsSDK-umbrella.h */ = {isa = PBXFileReference; lastKnownFileType = sourcecode.c.h; name = "Pods-HLHJNewsSDK-umbrella.h"; path = "Pods/Target Support Files/Pods-HLHJNewsSDK/Pods-HLHJNewsSDK-umbrella.h"; sourceTree = "<group>"; };
		0476592220CF608A000FD790 /* Pods-HLHJNewsSDK-acknowledgements.markdown */ = {isa = PBXFileReference; lastKnownFileType = net.daringfireball.markdown; name = "Pods-HLHJNewsSDK-acknowledgements.markdown"; path = "Pods/Target Support Files/Pods-HLHJNewsSDK/Pods-HLHJNewsSDK-acknowledgements.markdown"; sourceTree = "<group>"; };
		0476592320CF608A000FD790 /* Pods-HLHJNewsSDK.modulemap */ = {isa = PBXFileReference; lastKnownFileType = "sourcecode.module-map"; name = "Pods-HLHJNewsSDK.modulemap"; path = "Pods/Target Support Files/Pods-HLHJNewsSDK/Pods-HLHJNewsSDK.modulemap"; sourceTree = "<group>"; };
		0476592420CF608A000FD790 /* Info.plist */ = {isa = PBXFileReference; lastKnownFileType = text.plist; name = Info.plist; path = "Pods/Target Support Files/Pods-HLHJNewsSDK/Info.plist"; sourceTree = "<group>"; };
		0476592520CF608A000FD790 /* Pods-HLHJNewsSDK.release.xcconfig */ = {isa = PBXFileReference; lastKnownFileType = text.xcconfig; name = "Pods-HLHJNewsSDK.release.xcconfig"; path = "Pods/Target Support Files/Pods-HLHJNewsSDK/Pods-HLHJNewsSDK.release.xcconfig"; sourceTree = "<group>"; };
		0476592620CF608A000FD790 /* Pods-HLHJNewsSDK-dummy.m */ = {isa = PBXFileReference; lastKnownFileType = sourcecode.c.objc; name = "Pods-HLHJNewsSDK-dummy.m"; path = "Pods/Target Support Files/Pods-HLHJNewsSDK/Pods-HLHJNewsSDK-dummy.m"; sourceTree = "<group>"; };
		0476592720CF608A000FD790 /* Pods-HLHJNewsSDK-resources.sh */ = {isa = PBXFileReference; lastKnownFileType = text.script.sh; name = "Pods-HLHJNewsSDK-resources.sh"; path = "Pods/Target Support Files/Pods-HLHJNewsSDK/Pods-HLHJNewsSDK-resources.sh"; sourceTree = "<group>"; };
		0476592920CF608A000FD790 /* SGPagingView-prefix.pch */ = {isa = PBXFileReference; lastKnownFileType = sourcecode.c.h; name = "SGPagingView-prefix.pch"; path = "Pods/Target Support Files/SGPagingView/SGPagingView-prefix.pch"; sourceTree = "<group>"; };
		0476592A20CF608A000FD790 /* SGPagingView.modulemap */ = {isa = PBXFileReference; lastKnownFileType = "sourcecode.module-map"; name = SGPagingView.modulemap; path = "Pods/Target Support Files/SGPagingView/SGPagingView.modulemap"; sourceTree = "<group>"; };
		0476592B20CF608A000FD790 /* SGPagingView-umbrella.h */ = {isa = PBXFileReference; lastKnownFileType = sourcecode.c.h; name = "SGPagingView-umbrella.h"; path = "Pods/Target Support Files/SGPagingView/SGPagingView-umbrella.h"; sourceTree = "<group>"; };
		0476592C20CF608A000FD790 /* SGPagingView-dummy.m */ = {isa = PBXFileReference; lastKnownFileType = sourcecode.c.objc; name = "SGPagingView-dummy.m"; path = "Pods/Target Support Files/SGPagingView/SGPagingView-dummy.m"; sourceTree = "<group>"; };
		0476592D20CF608A000FD790 /* Info.plist */ = {isa = PBXFileReference; lastKnownFileType = text.plist; name = Info.plist; path = "Pods/Target Support Files/SGPagingView/Info.plist"; sourceTree = "<group>"; };
		0476592E20CF608A000FD790 /* SGPagingView.xcconfig */ = {isa = PBXFileReference; lastKnownFileType = text.xcconfig; name = SGPagingView.xcconfig; path = "Pods/Target Support Files/SGPagingView/SGPagingView.xcconfig"; sourceTree = "<group>"; };
		0476593120CF608A000FD790 /* LICENSE */ = {isa = PBXFileReference; lastKnownFileType = text; name = LICENSE; path = Pods/SGPagingView/LICENSE; sourceTree = "<group>"; };
		0476593220CF608A000FD790 /* SGPageContentScrollView.h */ = {isa = PBXFileReference; lastKnownFileType = sourcecode.c.h; name = SGPageContentScrollView.h; path = ../SGPageContent/SGPageContentScrollView.h; sourceTree = "<group>"; };
		0476593320CF608A000FD790 /* SGPageContentCollectionView.h */ = {isa = PBXFileReference; lastKnownFileType = sourcecode.c.h; name = SGPageContentCollectionView.h; path = ../SGPageContent/SGPageContentCollectionView.h; sourceTree = "<group>"; };
		0476593420CF608A000FD790 /* SGPageContentScrollView.m */ = {isa = PBXFileReference; lastKnownFileType = sourcecode.c.objc; name = SGPageContentScrollView.m; path = ../SGPageContent/SGPageContentScrollView.m; sourceTree = "<group>"; };
		0476593520CF608A000FD790 /* SGPageContentCollectionView.m */ = {isa = PBXFileReference; lastKnownFileType = sourcecode.c.objc; name = SGPageContentCollectionView.m; path = ../SGPageContent/SGPageContentCollectionView.m; sourceTree = "<group>"; };
		0476593720CF608A000FD790 /* SGPagingView.h */ = {isa = PBXFileReference; lastKnownFileType = sourcecode.c.h; name = SGPagingView.h; path = ../SGPagingView/SGPagingView.h; sourceTree = "<group>"; };
		0476593820CF608A000FD790 /* UIView+SGPagingView.h */ = {isa = PBXFileReference; lastKnownFileType = sourcecode.c.h; name = "UIView+SGPagingView.h"; path = "../Category/UIView+SGPagingView.h"; sourceTree = "<group>"; };
		0476593920CF608A000FD790 /* UIButton+SGPagingView.m */ = {isa = PBXFileReference; lastKnownFileType = sourcecode.c.objc; name = "UIButton+SGPagingView.m"; path = "../Category/UIButton+SGPagingView.m"; sourceTree = "<group>"; };
		0476593A20CF608A000FD790 /* UIView+SGPagingView.m */ = {isa = PBXFileReference; lastKnownFileType = sourcecode.c.objc; name = "UIView+SGPagingView.m"; path = "../Category/UIView+SGPagingView.m"; sourceTree = "<group>"; };
		0476593B20CF608A000FD790 /* UIButton+SGPagingView.h */ = {isa = PBXFileReference; lastKnownFileType = sourcecode.c.h; name = "UIButton+SGPagingView.h"; path = "../Category/UIButton+SGPagingView.h"; sourceTree = "<group>"; };
		0476593D20CF608A000FD790 /* SGPageTitleViewConfigure.m */ = {isa = PBXFileReference; lastKnownFileType = sourcecode.c.objc; name = SGPageTitleViewConfigure.m; path = ../SGPageTitle/SGPageTitleViewConfigure.m; sourceTree = "<group>"; };
		0476593E20CF608A000FD790 /* SGPageTitleView.h */ = {isa = PBXFileReference; lastKnownFileType = sourcecode.c.h; name = SGPageTitleView.h; path = ../SGPageTitle/SGPageTitleView.h; sourceTree = "<group>"; };
		0476593F20CF608A000FD790 /* SGPageTitleViewConfigure.h */ = {isa = PBXFileReference; lastKnownFileType = sourcecode.c.h; name = SGPageTitleViewConfigure.h; path = ../SGPageTitle/SGPageTitleViewConfigure.h; sourceTree = "<group>"; };
		0476594020CF608A000FD790 /* SGPageTitleView.m */ = {isa = PBXFileReference; lastKnownFileType = sourcecode.c.objc; name = SGPageTitleView.m; path = ../SGPageTitle/SGPageTitleView.m; sourceTree = "<group>"; };
		0476594320CF608A000FD790 /* README.md */ = {isa = PBXFileReference; lastKnownFileType = net.daringfireball.markdown; name = README.md; path = Pods/SGPagingView/README.md; sourceTree = "<group>"; };
		0476594520CF608A000FD790 /* Pods.xcodeproj */ = {isa = PBXFileReference; lastKnownFileType = "wrapper.pb-project"; path = Pods.xcodeproj; sourceTree = "<group>"; };
		0476594620CF608A000FD790 /* Manifest.lock */ = {isa = PBXFileReference; lastKnownFileType = text; path = Manifest.lock; sourceTree = "<group>"; };
		0476594820CF608A000FD790 /* Podfile.lock */ = {isa = PBXFileReference; lastKnownFileType = text; path = Podfile.lock; sourceTree = "<group>"; };
		0476594920CF608A000FD790 /* Podfile */ = {isa = PBXFileReference; lastKnownFileType = text; path = Podfile; sourceTree = "<group>"; xcLanguageSpecificationIdentifier = xcode.lang.ruby; };
		0476594A20CF608A000FD790 /* HLHJNewsBaseVC.h */ = {isa = PBXFileReference; lastKnownFileType = sourcecode.c.h; path = HLHJNewsBaseVC.h; sourceTree = "<group>"; };
		0476594B20CF608A000FD790 /* HLHJNewsViewController.m */ = {isa = PBXFileReference; lastKnownFileType = sourcecode.c.objc; path = HLHJNewsViewController.m; sourceTree = "<group>"; };
		0476594C20CF608A000FD790 /* HLHJNewsViewController.h */ = {isa = PBXFileReference; lastKnownFileType = sourcecode.c.h; path = HLHJNewsViewController.h; sourceTree = "<group>"; };
		0476594D20CF608A000FD790 /* HLHJNewsBaseVC.m */ = {isa = PBXFileReference; lastKnownFileType = sourcecode.c.objc; path = HLHJNewsBaseVC.m; sourceTree = "<group>"; };
		0476595020CF608A000FD790 /* Info.plist */ = {isa = PBXFileReference; lastKnownFileType = text.plist.xml; path = Info.plist; sourceTree = "<group>"; };
		0476595120CF608A000FD790 /* HLHJPrefixHeader.pch */ = {isa = PBXFileReference; lastKnownFileType = sourcecode.c.h; path = HLHJPrefixHeader.pch; sourceTree = "<group>"; };
		0476595220CF608A000FD790 /* HLHJNewsSDK.h */ = {isa = PBXFileReference; lastKnownFileType = sourcecode.c.h; path = HLHJNewsSDK.h; sourceTree = "<group>"; };
		04AEFD8C20E1EEB40083847C /* HLHJBrowserImageView.h */ = {isa = PBXFileReference; fileEncoding = 4; lastKnownFileType = sourcecode.c.h; path = HLHJBrowserImageView.h; sourceTree = "<group>"; };
		04AEFD8D20E1EEB40083847C /* HLHJPhotoBrowserConfig.h */ = {isa = PBXFileReference; fileEncoding = 4; lastKnownFileType = sourcecode.c.h; path = HLHJPhotoBrowserConfig.h; sourceTree = "<group>"; };
		04AEFD8E20E1EEB40083847C /* HLHJPhotoBrowser.h */ = {isa = PBXFileReference; fileEncoding = 4; lastKnownFileType = sourcecode.c.h; path = HLHJPhotoBrowser.h; sourceTree = "<group>"; };
		04AEFD8F20E1EEB40083847C /* HLHJWaitingView.h */ = {isa = PBXFileReference; fileEncoding = 4; lastKnownFileType = sourcecode.c.h; path = HLHJWaitingView.h; sourceTree = "<group>"; };
		04AEFD9020E1EEB40083847C /* HLHJBrowserImageView.m */ = {isa = PBXFileReference; fileEncoding = 4; lastKnownFileType = sourcecode.c.objc; path = HLHJBrowserImageView.m; sourceTree = "<group>"; };
		04AEFD9120E1EEB40083847C /* HLHJPhotoBrowser.m */ = {isa = PBXFileReference; fileEncoding = 4; lastKnownFileType = sourcecode.c.objc; path = HLHJPhotoBrowser.m; sourceTree = "<group>"; };
		04AEFDA220E1EF6F0083847C /* HLHJWaitingView.m */ = {isa = PBXFileReference; fileEncoding = 4; lastKnownFileType = sourcecode.c.objc; path = HLHJWaitingView.m; sourceTree = "<group>"; };
		04D4B92A20F60D810060545A /* UMSocialCore.framework */ = {isa = PBXFileReference; lastKnownFileType = wrapper.framework; path = UMSocialCore.framework; sourceTree = "<group>"; };
		04D4B92B20F60D810060545A /* UShareUI.framework */ = {isa = PBXFileReference; lastKnownFileType = wrapper.framework; path = UShareUI.framework; sourceTree = "<group>"; };
		04D4B92E20F60D810060545A /* TMShare.framework */ = {isa = PBXFileReference; lastKnownFileType = wrapper.framework; path = TMShare.framework; sourceTree = "<group>"; };
		04D4B92F20F60D810060545A /* UMSocialNetwork.framework */ = {isa = PBXFileReference; lastKnownFileType = wrapper.framework; path = UMSocialNetwork.framework; sourceTree = "<group>"; };
		04EA1A6B20E3233B00DC649C /* TMSDK.framework */ = {isa = PBXFileReference; lastKnownFileType = wrapper.framework; path = TMSDK.framework; sourceTree = "<group>"; };
		04EA1A6D20E3233B00DC649C /* SetI001.framework */ = {isa = PBXFileReference; lastKnownFileType = wrapper.framework; path = SetI001.framework; sourceTree = "<group>"; };
		04EA1AA020E33C4400DC649C /* HLHJNewsToast.h */ = {isa = PBXFileReference; fileEncoding = 4; lastKnownFileType = sourcecode.c.h; path = HLHJNewsToast.h; sourceTree = "<group>"; };
		04EA1AA120E33C4400DC649C /* HLHJNewsToast.m */ = {isa = PBXFileReference; fileEncoding = 4; lastKnownFileType = sourcecode.c.objc; path = HLHJNewsToast.m; sourceTree = "<group>"; };
		04EA1AA620E35C4B00DC649C /* HLHJNewsCommentTableCell.h */ = {isa = PBXFileReference; lastKnownFileType = sourcecode.c.h; path = HLHJNewsCommentTableCell.h; sourceTree = "<group>"; };
		04EA1AA720E35C4B00DC649C /* HLHJNewsCommentTableCell.m */ = {isa = PBXFileReference; lastKnownFileType = sourcecode.c.objc; path = HLHJNewsCommentTableCell.m; sourceTree = "<group>"; };
		04EA1AB320E35CC600DC649C /* HLHJNewsConmmetModel.h */ = {isa = PBXFileReference; lastKnownFileType = sourcecode.c.h; path = HLHJNewsConmmetModel.h; sourceTree = "<group>"; };
		04EA1AB420E35CC600DC649C /* HLHJNewsConmmetModel.m */ = {isa = PBXFileReference; lastKnownFileType = sourcecode.c.objc; path = HLHJNewsConmmetModel.m; sourceTree = "<group>"; };
		04EA1AB720E3605700DC649C /* HLHJMoreCommentViewController.h */ = {isa = PBXFileReference; lastKnownFileType = sourcecode.c.h; path = HLHJMoreCommentViewController.h; sourceTree = "<group>"; };
		04EA1AB820E3605700DC649C /* HLHJMoreCommentViewController.m */ = {isa = PBXFileReference; lastKnownFileType = sourcecode.c.objc; path = HLHJMoreCommentViewController.m; sourceTree = "<group>"; };
		1259AFBA9DA6E983FFAA16D4 /* Pods-HLHJNewsSDK.debug.xcconfig */ = {isa = PBXFileReference; includeInIndex = 1; lastKnownFileType = text.xcconfig; name = "Pods-HLHJNewsSDK.debug.xcconfig"; path = "Pods/Target Support Files/Pods-HLHJNewsSDK/Pods-HLHJNewsSDK.debug.xcconfig"; sourceTree = "<group>"; };
		1DBEA97CEF75C85B5BC92701 /* Pods-HLHJNewsSDK.release.xcconfig */ = {isa = PBXFileReference; includeInIndex = 1; lastKnownFileType = text.xcconfig; name = "Pods-HLHJNewsSDK.release.xcconfig"; path = "Pods/Target Support Files/Pods-HLHJNewsSDK/Pods-HLHJNewsSDK.release.xcconfig"; sourceTree = "<group>"; };
		6439D5BF79A87B0023314512 /* Pods_HLHJNewsSDK.framework */ = {isa = PBXFileReference; explicitFileType = wrapper.framework; includeInIndex = 0; path = Pods_HLHJNewsSDK.framework; sourceTree = BUILT_PRODUCTS_DIR; };
		64FEAA898A33F0DE5C7E09F2 /* Pods-HLHJInformationSDK.debug.xcconfig */ = {isa = PBXFileReference; includeInIndex = 1; lastKnownFileType = text.xcconfig; name = "Pods-HLHJInformationSDK.debug.xcconfig"; path = "Pods/Target Support Files/Pods-HLHJInformationSDK/Pods-HLHJInformationSDK.debug.xcconfig"; sourceTree = "<group>"; };
		910F9B96C0F69C5AA1D1A054 /* Pods-HLHJInformationSDK.release.xcconfig */ = {isa = PBXFileReference; includeInIndex = 1; lastKnownFileType = text.xcconfig; name = "Pods-HLHJInformationSDK.release.xcconfig"; path = "Pods/Target Support Files/Pods-HLHJInformationSDK/Pods-HLHJInformationSDK.release.xcconfig"; sourceTree = "<group>"; };
		E8BE2C83BE63CF8837E1CDFD /* Pods_HLHJInformationSDK.framework */ = {isa = PBXFileReference; explicitFileType = wrapper.framework; includeInIndex = 0; path = Pods_HLHJInformationSDK.framework; sourceTree = BUILT_PRODUCTS_DIR; };
/* End PBXFileReference section */

/* Begin PBXFrameworksBuildPhase section */
		043ED0FB20C4EBAD00FF6933 /* Frameworks */ = {
			isa = PBXFrameworksBuildPhase;
			buildActionMask = 2147483647;
			files = (
				EE53213C231AAE026F5081AD /* Pods_HLHJInformationSDK.framework in Frameworks */,
			);
			runOnlyForDeploymentPostprocessing = 0;
		};
/* End PBXFrameworksBuildPhase section */

/* Begin PBXGroup section */
		042F247920E082920018D1AA /* HLHJColumnMenu */ = {
			isa = PBXGroup;
			children = (
				042F248120E082920018D1AA /* UIView+HLHJ.h */,
				042F247A20E082920018D1AA /* UIView+HLHJ.m */,
				042F248520E082920018D1AA /* HLHJColumnMenu.h */,
				042F247E20E082920018D1AA /* HLHJColumnMenu.m */,
				042F247B20E082920018D1AA /* HLHJColumnMenuCell.h */,
				042F248020E082920018D1AA /* HLHJColumnMenuCell.m */,
				042F247C20E082920018D1AA /* HLHJColumnMenuHeaderView.h */,
				042F248220E082920018D1AA /* HLHJColumnMenuHeaderView.m */,
				042F248320E082920018D1AA /* HLHJConfig.h */,
				042F247D20E082920018D1AA /* HLHJConfig.m */,
				042F247F20E082920018D1AA /* HLHJColumnMenuModel.h */,
				042F248420E082920018D1AA /* HLHJColumnMenuModel.m */,
			);
			path = HLHJColumnMenu;
			sourceTree = "<group>";
		};
		042F24B020E0D3AE0018D1AA /* ListCell */ = {
			isa = PBXGroup;
			children = (
				0465F13B20C6598D006CB9E7 /* HLHJRecommendThreeTableViewCell.h */,
				0465F13C20C6598D006CB9E7 /* HLHJRecommendThreeTableViewCell.m */,
				0465F12D20C62ADF006CB9E7 /* HLHJRecommendTwoTableViewCell.h */,
				0465F12E20C62ADF006CB9E7 /* HLHJRecommendTwoTableViewCell.m */,
				0465F14920C66F00006CB9E7 /* HLHJRecommendSix2TableViewCell.h */,
				0465F14A20C66F00006CB9E7 /* HLHJRecommendSix2TableViewCell.m */,
				042F24AC20E0D3960018D1AA /* HLHJRecommendFiveTableViewCell.h */,
				042F24AD20E0D3960018D1AA /* HLHJRecommendFiveTableViewCell.m */,
				0465F14D20C68400006CB9E7 /* HLHJRecommendOneTableViewCell.h */,
				042F24BC20E0DEF40018D1AA /* HLHJRecommendOneTableViewCell.m */,
				04173DC520CE738200660F6F /* HLHJRecommendSix1TableViewCell.h */,
				04173DC620CE738200660F6F /* HLHJRecommendSix1TableViewCell.m */,
				0413917F2143C20400A08BED /* HLHJNewProjectListCell.h */,
				041391802143C20400A08BED /* HLHJNewProjectListCell.m */,
			);
			path = ListCell;
			sourceTree = "<group>";
		};
		043ED0F520C4EBAD00FF6933 = {
			isa = PBXGroup;
			children = (
				0476595620CF608A000FD790 /* HLHJNewsSDK */,
				043ED10120C4EBAD00FF6933 /* HLHJInformationSDK */,
				043ED10020C4EBAD00FF6933 /* Products */,
				5A610541D16166484F0DA1AC /* Pods */,
				DE8DAB3D5C7E92C4478AE8F2 /* Frameworks */,
			);
			sourceTree = "<group>";
		};
		043ED10020C4EBAD00FF6933 /* Products */ = {
			isa = PBXGroup;
			children = (
				043ED0FF20C4EBAD00FF6933 /* HLHJInformationSDK.framework */,
			);
			name = Products;
			sourceTree = "<group>";
		};
		043ED10120C4EBAD00FF6933 /* HLHJInformationSDK */ = {
			isa = PBXGroup;
			children = (
				0464099C20CF62F3008DF29B /* Common */,
				043ED16520C5071C00FF6933 /* Model */,
				043ED16420C5070300FF6933 /* View */,
				043ED16120C506FD00FF6933 /* VC */,
				043ED10320C4EBAD00FF6933 /* Info.plist */,
			);
			path = HLHJInformationSDK;
			sourceTree = "<group>";
		};
		043ED16120C506FD00FF6933 /* VC */ = {
			isa = PBXGroup;
			children = (
				043ED16D20C508A400FF6933 /* HLHJNewsBaseVC.h */,
				043ED16E20C508A400FF6933 /* HLHJNewsBaseVC.m */,
				043ED17320C5090C00FF6933 /* HLHJNewsViewController.h */,
				043ED17420C5090C00FF6933 /* HLHJNewsViewController.m */,
				0465F13F20C66A0D006CB9E7 /* HLHJRecommendedViewController.h */,
				0465F14020C66A0D006CB9E7 /* HLHJRecommendedViewController.m */,
				0476591120CF5734000FD790 /* HLHJProjectListViewController.h */,
				0476591220CF5734000FD790 /* HLHJProjectListViewController.m */,
				0476591920CF5CBE000FD790 /* HLHJNewsDetailViewController.h */,
				0476591A20CF5CBE000FD790 /* HLHJNewsDetailViewController.m */,
				047108C420E231E200018FC4 /* HLHJNewsSearchViewController.h */,
				047108C520E231E200018FC4 /* HLHJNewsSearchViewController.m */,
				04EA1AB720E3605700DC649C /* HLHJMoreCommentViewController.h */,
				04EA1AB820E3605700DC649C /* HLHJMoreCommentViewController.m */,
			);
			path = VC;
			sourceTree = "<group>";
		};
		043ED16420C5070300FF6933 /* View */ = {
			isa = PBXGroup;
			children = (
				0465F14420C66B16006CB9E7 /* View */,
				0465F14320C66B06006CB9E7 /* Cell */,
			);
			path = View;
			sourceTree = "<group>";
		};
		043ED16520C5071C00FF6933 /* Model */ = {
			isa = PBXGroup;
			children = (
				046409A220CF726A008DF29B /* HLHJSubjectNameListModel.h */,
				046409A320CF726A008DF29B /* HLHJSubjectNameListModel.m */,
				046409BB20CFA4DC008DF29B /* HLHJCategoryNameModel.h */,
				046409BC20CFA4DC008DF29B /* HLHJCategoryNameModel.m */,
				042F24A820E0CC340018D1AA /* HLHJContentModel.h */,
				042F24A920E0CC340018D1AA /* HLHJContentModel.m */,
				047108AD20E21BA900018FC4 /* HLHJNewsDetilModel.h */,
				047108AE20E21BA900018FC4 /* HLHJNewsDetilModel.m */,
				04EA1AB320E35CC600DC649C /* HLHJNewsConmmetModel.h */,
				04EA1AB420E35CC600DC649C /* HLHJNewsConmmetModel.m */,
			);
			path = Model;
			sourceTree = "<group>";
		};
		043ED16820C5076300FF6933 /* Macro */ = {
			isa = PBXGroup;
			children = (
				043ED10220C4EBAD00FF6933 /* HLHJNewsSDK.h */,
				043ED16620C5074000FF6933 /* HLHJPrefixHeader.pch */,
			);
			path = Macro;
			sourceTree = "<group>";
		};
		0464097420CF6137008DF29B /* Products */ = {
			isa = PBXGroup;
			children = (
				0464099920CF61FF008DF29B /* AFNetworking.framework */,
				04D4B93B20F60D810060545A /* DZNEmptyDataSet.framework */,
				0464097F20CF6137008DF29B /* Masonry.framework */,
				0464099B20CF61FF008DF29B /* MJRefresh.framework */,
				0464098120CF6137008DF29B /* Pods_HLHJInformationSDK.framework */,
				0464098320CF6137008DF29B /* SDCycleScrollView.framework */,
				0464098520CF6137008DF29B /* SDWebImage.framework */,
				045D9A0F20F71E510075886B /* SVProgressHUD.framework */,
				0464098720CF6137008DF29B /* WMPageController.framework */,
				046409B620CF79BC008DF29B /* YYModel.framework */,
				0464098920CF6137008DF29B /* ZFPlayer.framework */,
			);
			name = Products;
			sourceTree = "<group>";
		};
		0464097620CF6137008DF29B /* Products */ = {
			isa = PBXGroup;
			name = Products;
			sourceTree = "<group>";
		};
		0464099C20CF62F3008DF29B /* Common */ = {
			isa = PBXGroup;
			children = (
				04EA1A9F20E33C4400DC649C /* Toast */,
				04EA1A6020E3233B00DC649C /* TMSDK */,
				04AEFD8A20E1EEB40083847C /* HLHJPhotoBrowser */,
				042F247920E082920018D1AA /* HLHJColumnMenu */,
				0464099D20CF6306008DF29B /* Category */,
				043ED16820C5076300FF6933 /* Macro */,
				0476591D20CF6075000FD790 /* Tools */,
			);
			path = Common;
			sourceTree = "<group>";
		};
		0464099D20CF6306008DF29B /* Category */ = {
			isa = PBXGroup;
			children = (
				0464099E20CF631F008DF29B /* UIColor+HLHJHex.h */,
				0464099F20CF631F008DF29B /* UIColor+HLHJHex.m */,
			);
			path = Category;
			sourceTree = "<group>";
		};
		0465F14320C66B06006CB9E7 /* Cell */ = {
			isa = PBXGroup;
			children = (
				041391942143D0B000A08BED /* HLHJNewDetailSectionOneCell.h */,
				041391932143D0B000A08BED /* HLHJNewDetailSectionOneCell.m */,
				04EA1AA620E35C4B00DC649C /* HLHJNewsCommentTableCell.h */,
				04EA1AA720E35C4B00DC649C /* HLHJNewsCommentTableCell.m */,
				047108BE20E21E8300018FC4 /* HLHJMoreTableViewCell.h */,
				047108BF20E21E8300018FC4 /* HLHJMoreTableViewCell.m */,
				047108BB20E21DF000018FC4 /* HLHJArticleDetailTableViewCell.h */,
				047108BA20E21DF000018FC4 /* HLHJArticleDetailTableViewCell.m */,
				042F24B020E0D3AE0018D1AA /* ListCell */,
			);
			path = Cell;
			sourceTree = "<group>";
		};
		0465F14420C66B16006CB9E7 /* View */ = {
			isa = PBXGroup;
			children = (
				0413918E2143CB5C00A08BED /* HLHJNewDetailCommonToolView.h */,
				0413918F2143CB5C00A08BED /* HLHJNewDetailCommonToolView.m */,
			);
			path = View;
			sourceTree = "<group>";
		};
		0476591D20CF6075000FD790 /* Tools */ = {
			isa = PBXGroup;
			children = (
				0464098C20CF61FE008DF29B /* HLHJInfomationNetWorkTool.h */,
				0464098D20CF61FE008DF29B /* HLHJInfomationNetWorkTool.m */,
			);
			path = Tools;
			sourceTree = "<group>";
		};
		0476592820CF608A000FD790 /* Pods-HLHJNewsSDK */ = {
			isa = PBXGroup;
			children = (
				0476591F20CF608A000FD790 /* Pods-HLHJNewsSDK-acknowledgements.plist */,
				0476592020CF608A000FD790 /* Pods-HLHJNewsSDK.debug.xcconfig */,
				0476592120CF608A000FD790 /* Pods-HLHJNewsSDK-umbrella.h */,
				0476592220CF608A000FD790 /* Pods-HLHJNewsSDK-acknowledgements.markdown */,
				0476592320CF608A000FD790 /* Pods-HLHJNewsSDK.modulemap */,
				0476592420CF608A000FD790 /* Info.plist */,
				0476592520CF608A000FD790 /* Pods-HLHJNewsSDK.release.xcconfig */,
				0476592620CF608A000FD790 /* Pods-HLHJNewsSDK-dummy.m */,
				0476592720CF608A000FD790 /* Pods-HLHJNewsSDK-resources.sh */,
			);
			path = "Pods-HLHJNewsSDK";
			sourceTree = "<group>";
		};
		0476592F20CF608A000FD790 /* SGPagingView */ = {
			isa = PBXGroup;
			children = (
				0476592920CF608A000FD790 /* SGPagingView-prefix.pch */,
				0476592A20CF608A000FD790 /* SGPagingView.modulemap */,
				0476592B20CF608A000FD790 /* SGPagingView-umbrella.h */,
				0476592C20CF608A000FD790 /* SGPagingView-dummy.m */,
				0476592D20CF608A000FD790 /* Info.plist */,
				0476592E20CF608A000FD790 /* SGPagingView.xcconfig */,
			);
			path = SGPagingView;
			sourceTree = "<group>";
		};
		0476593020CF608A000FD790 /* Target Support Files */ = {
			isa = PBXGroup;
			children = (
				0476592820CF608A000FD790 /* Pods-HLHJNewsSDK */,
				0476592F20CF608A000FD790 /* SGPagingView */,
			);
			path = "Target Support Files";
			sourceTree = "<group>";
		};
		0476593620CF608A000FD790 /* SGPageContent */ = {
			isa = PBXGroup;
			children = (
				0476593220CF608A000FD790 /* SGPageContentScrollView.h */,
				0476593320CF608A000FD790 /* SGPageContentCollectionView.h */,
				0476593420CF608A000FD790 /* SGPageContentScrollView.m */,
				0476593520CF608A000FD790 /* SGPageContentCollectionView.m */,
			);
			name = SGPageContent;
			path = ../SGPagingView/SGPageContent;
			sourceTree = "<group>";
		};
		0476593C20CF608A000FD790 /* Category */ = {
			isa = PBXGroup;
			children = (
				0476593820CF608A000FD790 /* UIView+SGPagingView.h */,
				0476593920CF608A000FD790 /* UIButton+SGPagingView.m */,
				0476593A20CF608A000FD790 /* UIView+SGPagingView.m */,
				0476593B20CF608A000FD790 /* UIButton+SGPagingView.h */,
			);
			name = Category;
			path = ../SGPagingView/Category;
			sourceTree = "<group>";
		};
		0476594120CF608A000FD790 /* SGPageTitle */ = {
			isa = PBXGroup;
			children = (
				0476593D20CF608A000FD790 /* SGPageTitleViewConfigure.m */,
				0476593E20CF608A000FD790 /* SGPageTitleView.h */,
				0476593F20CF608A000FD790 /* SGPageTitleViewConfigure.h */,
				0476594020CF608A000FD790 /* SGPageTitleView.m */,
			);
			name = SGPageTitle;
			path = ../SGPagingView/SGPageTitle;
			sourceTree = "<group>";
		};
		0476594220CF608A000FD790 /* SGPagingView */ = {
			isa = PBXGroup;
			children = (
				0476593620CF608A000FD790 /* SGPageContent */,
				0476593720CF608A000FD790 /* SGPagingView.h */,
				0476593C20CF608A000FD790 /* Category */,
				0476594120CF608A000FD790 /* SGPageTitle */,
			);
			name = SGPagingView;
			path = Pods/SGPagingView/SGPagingView;
			sourceTree = "<group>";
		};
		0476594420CF608A000FD790 /* SGPagingView */ = {
			isa = PBXGroup;
			children = (
				0476593120CF608A000FD790 /* LICENSE */,
				0476594220CF608A000FD790 /* SGPagingView */,
				0476594320CF608A000FD790 /* README.md */,
			);
			path = SGPagingView;
			sourceTree = "<group>";
		};
		0476594720CF608A000FD790 /* Pods */ = {
			isa = PBXGroup;
			children = (
				0476593020CF608A000FD790 /* Target Support Files */,
				0476594420CF608A000FD790 /* SGPagingView */,
				0476594520CF608A000FD790 /* Pods.xcodeproj */,
				0476594620CF608A000FD790 /* Manifest.lock */,
			);
			path = Pods;
			sourceTree = "<group>";
		};
		0476594E20CF608A000FD790 /* VC */ = {
			isa = PBXGroup;
			children = (
				0476594A20CF608A000FD790 /* HLHJNewsBaseVC.h */,
				0476594B20CF608A000FD790 /* HLHJNewsViewController.m */,
				0476594C20CF608A000FD790 /* HLHJNewsViewController.h */,
				0476594D20CF608A000FD790 /* HLHJNewsBaseVC.m */,
			);
			path = VC;
			sourceTree = "<group>";
		};
		0476594F20CF608A000FD790 /* View */ = {
			isa = PBXGroup;
			children = (
			);
			path = View;
			sourceTree = "<group>";
		};
		0476595320CF608A000FD790 /* Macro */ = {
			isa = PBXGroup;
			children = (
				0476595120CF608A000FD790 /* HLHJPrefixHeader.pch */,
				0476595220CF608A000FD790 /* HLHJNewsSDK.h */,
			);
			path = Macro;
			sourceTree = "<group>";
		};
		0476595420CF608A000FD790 /* Model */ = {
			isa = PBXGroup;
			children = (
			);
			path = Model;
			sourceTree = "<group>";
		};
		0476595520CF608A000FD790 /* HLHJInformationSDK */ = {
			isa = PBXGroup;
			children = (
				0476594E20CF608A000FD790 /* VC */,
				0476594F20CF608A000FD790 /* View */,
				0476595020CF608A000FD790 /* Info.plist */,
				0476595320CF608A000FD790 /* Macro */,
				0476595420CF608A000FD790 /* Model */,
			);
			path = HLHJInformationSDK;
			sourceTree = "<group>";
		};
		0476595620CF608A000FD790 /* HLHJNewsSDK */ = {
			isa = PBXGroup;
			children = (
				0476591E20CF608A000FD790 /* HLHJInformationSDK.xcodeproj */,
				0476594720CF608A000FD790 /* Pods */,
				0476594820CF608A000FD790 /* Podfile.lock */,
				0476594920CF608A000FD790 /* Podfile */,
				0476595520CF608A000FD790 /* HLHJInformationSDK */,
			);
			name = HLHJNewsSDK;
			sourceTree = "<group>";
		};
		04AEFD8A20E1EEB40083847C /* HLHJPhotoBrowser */ = {
			isa = PBXGroup;
			children = (
				04AEFD8F20E1EEB40083847C /* HLHJWaitingView.h */,
				04AEFDA220E1EF6F0083847C /* HLHJWaitingView.m */,
				04AEFD8D20E1EEB40083847C /* HLHJPhotoBrowserConfig.h */,
				04AEFD8C20E1EEB40083847C /* HLHJBrowserImageView.h */,
				04AEFD9020E1EEB40083847C /* HLHJBrowserImageView.m */,
				04AEFD8E20E1EEB40083847C /* HLHJPhotoBrowser.h */,
				04AEFD9120E1EEB40083847C /* HLHJPhotoBrowser.m */,
			);
			path = HLHJPhotoBrowser;
			sourceTree = "<group>";
		};
		04D4B92920F60D810060545A /* TMShareSdk */ = {
			isa = PBXGroup;
			children = (
				04D4B92A20F60D810060545A /* UMSocialCore.framework */,
				04D4B92B20F60D810060545A /* UShareUI.framework */,
				04D4B92E20F60D810060545A /* TMShare.framework */,
				04D4B92F20F60D810060545A /* UMSocialNetwork.framework */,
			);
			path = TMShareSdk;
			sourceTree = "<group>";
		};
		04EA1A6020E3233B00DC649C /* TMSDK */ = {
			isa = PBXGroup;
			children = (
				04D4B92920F60D810060545A /* TMShareSdk */,
				04EA1A6820E3233B00DC649C /* Base */,
				04EA1A6C20E3233B00DC649C /* login */,
			);
			path = TMSDK;
			sourceTree = "<group>";
		};
		04EA1A6820E3233B00DC649C /* Base */ = {
			isa = PBXGroup;
			children = (
				04EA1A6B20E3233B00DC649C /* TMSDK.framework */,
			);
			path = Base;
			sourceTree = "<group>";
		};
		04EA1A6C20E3233B00DC649C /* login */ = {
			isa = PBXGroup;
			children = (
				04EA1A6D20E3233B00DC649C /* SetI001.framework */,
			);
			path = login;
			sourceTree = "<group>";
		};
		04EA1A9F20E33C4400DC649C /* Toast */ = {
			isa = PBXGroup;
			children = (
				04EA1AA020E33C4400DC649C /* HLHJNewsToast.h */,
				04EA1AA120E33C4400DC649C /* HLHJNewsToast.m */,
			);
			path = Toast;
			sourceTree = "<group>";
		};
		5A610541D16166484F0DA1AC /* Pods */ = {
			isa = PBXGroup;
			children = (
				1259AFBA9DA6E983FFAA16D4 /* Pods-HLHJNewsSDK.debug.xcconfig */,
				1DBEA97CEF75C85B5BC92701 /* Pods-HLHJNewsSDK.release.xcconfig */,
				64FEAA898A33F0DE5C7E09F2 /* Pods-HLHJInformationSDK.debug.xcconfig */,
				910F9B96C0F69C5AA1D1A054 /* Pods-HLHJInformationSDK.release.xcconfig */,
			);
			name = Pods;
			sourceTree = "<group>";
		};
		DE8DAB3D5C7E92C4478AE8F2 /* Frameworks */ = {
			isa = PBXGroup;
			children = (
				0465F13520C639B4006CB9E7 /* ZFPlayer.framework */,
				6439D5BF79A87B0023314512 /* Pods_HLHJNewsSDK.framework */,
				E8BE2C83BE63CF8837E1CDFD /* Pods_HLHJInformationSDK.framework */,
			);
			name = Frameworks;
			sourceTree = "<group>";
		};
/* End PBXGroup section */

/* Begin PBXHeadersBuildPhase section */
		043ED0FC20C4EBAD00FF6933 /* Headers */ = {
			isa = PBXHeadersBuildPhase;
			buildActionMask = 2147483647;
			files = (
				04EA1AB920E3605700DC649C /* HLHJMoreCommentViewController.h in Headers */,
				046409A020CF631F008DF29B /* UIColor+HLHJHex.h in Headers */,
				041391922143CD6400A08BED /* HLHJNewDetailCommonToolView.h in Headers */,
				04173DC720CE738200660F6F /* HLHJRecommendSix1TableViewCell.h in Headers */,
				0476591B20CF5CBE000FD790 /* HLHJNewsDetailViewController.h in Headers */,
				042F24AE20E0D3960018D1AA /* HLHJRecommendFiveTableViewCell.h in Headers */,
				047108AF20E21BA900018FC4 /* HLHJNewsDetilModel.h in Headers */,
				0465F14F20C68400006CB9E7 /* HLHJRecommendOneTableViewCell.h in Headers */,
				043ED17520C5090C00FF6933 /* HLHJNewsViewController.h in Headers */,
				0465F14120C66A0D006CB9E7 /* HLHJRecommendedViewController.h in Headers */,
				0465F13D20C6598D006CB9E7 /* HLHJRecommendThreeTableViewCell.h in Headers */,
				047108C020E21E8300018FC4 /* HLHJMoreTableViewCell.h in Headers */,
				047108C620E231E200018FC4 /* HLHJNewsSearchViewController.h in Headers */,
				04AEFD9F20E1EEB40083847C /* HLHJWaitingView.h in Headers */,
				0465F14B20C66F00006CB9E7 /* HLHJRecommendSix2TableViewCell.h in Headers */,
				042F249A20E082920018D1AA /* HLHJColumnMenu.h in Headers */,
				042F24AA20E0CC340018D1AA /* HLHJContentModel.h in Headers */,
				047108BD20E21DF000018FC4 /* HLHJArticleDetailTableViewCell.h in Headers */,
				043ED16720C5074000FF6933 /* HLHJPrefixHeader.pch in Headers */,
				0464098E20CF61FE008DF29B /* HLHJInfomationNetWorkTool.h in Headers */,
				0465F12F20C62ADF006CB9E7 /* HLHJRecommendTwoTableViewCell.h in Headers */,
				04AEFD9E20E1EEB40083847C /* HLHJPhotoBrowser.h in Headers */,
				041391962143D0B100A08BED /* HLHJNewDetailSectionOneCell.h in Headers */,
				04AEFD9C20E1EEB40083847C /* HLHJBrowserImageView.h in Headers */,
				046409A420CF726A008DF29B /* HLHJSubjectNameListModel.h in Headers */,
				04EA1AB520E35CC600DC649C /* HLHJNewsConmmetModel.h in Headers */,
				042F249020E082920018D1AA /* HLHJColumnMenuCell.h in Headers */,
				042F249120E082920018D1AA /* HLHJColumnMenuHeaderView.h in Headers */,
				04EA1AA220E33C4400DC649C /* HLHJNewsToast.h in Headers */,
				041391812143C20400A08BED /* HLHJNewProjectListCell.h in Headers */,
				042F249420E082920018D1AA /* HLHJColumnMenuModel.h in Headers */,
				042F249820E082920018D1AA /* HLHJConfig.h in Headers */,
				043ED16F20C508A400FF6933 /* HLHJNewsBaseVC.h in Headers */,
				046409BD20CFA4DC008DF29B /* HLHJCategoryNameModel.h in Headers */,
				042F249620E082920018D1AA /* UIView+HLHJ.h in Headers */,
				0476591320CF5734000FD790 /* HLHJProjectListViewController.h in Headers */,
				04AEFD9D20E1EEB40083847C /* HLHJPhotoBrowserConfig.h in Headers */,
				043ED10420C4EBAD00FF6933 /* HLHJNewsSDK.h in Headers */,
				04EA1AA820E35C4B00DC649C /* HLHJNewsCommentTableCell.h in Headers */,
			);
			runOnlyForDeploymentPostprocessing = 0;
		};
/* End PBXHeadersBuildPhase section */

/* Begin PBXNativeTarget section */
		043ED0FE20C4EBAD00FF6933 /* HLHJInformationSDK */ = {
			isa = PBXNativeTarget;
			buildConfigurationList = 043ED10720C4EBAD00FF6933 /* Build configuration list for PBXNativeTarget "HLHJInformationSDK" */;
			buildPhases = (
				4E4A9F10A1753222FA02A792 /* [CP] Check Pods Manifest.lock */,
				043ED0FA20C4EBAD00FF6933 /* Sources */,
				043ED0FB20C4EBAD00FF6933 /* Frameworks */,
				043ED0FC20C4EBAD00FF6933 /* Headers */,
				043ED0FD20C4EBAD00FF6933 /* Resources */,
				6A1C5DB06E69C5C37BB93577 /* [CP] Copy Pods Resources */,
			);
			buildRules = (
			);
			dependencies = (
			);
			name = HLHJInformationSDK;
			productName = HLHJNewsSDK;
			productReference = 043ED0FF20C4EBAD00FF6933 /* HLHJInformationSDK.framework */;
			productType = "com.apple.product-type.framework";
		};
/* End PBXNativeTarget section */

/* Begin PBXProject section */
		043ED0F620C4EBAD00FF6933 /* Project object */ = {
			isa = PBXProject;
			attributes = {
				CLASSPREFIX = HLHJ;
				LastUpgradeCheck = 0940;
				ORGANIZATIONNAME = mac;
				TargetAttributes = {
					043ED0FE20C4EBAD00FF6933 = {
						CreatedOnToolsVersion = 9.4;
						LastSwiftMigration = 0940;
					};
				};
			};
			buildConfigurationList = 043ED0F920C4EBAD00FF6933 /* Build configuration list for PBXProject "HLHJInformationSDK" */;
			compatibilityVersion = "Xcode 9.3";
			developmentRegion = en;
			hasScannedForEncodings = 0;
			knownRegions = (
				en,
			);
			mainGroup = 043ED0F520C4EBAD00FF6933;
			productRefGroup = 043ED10020C4EBAD00FF6933 /* Products */;
			projectDirPath = "";
			projectReferences = (
				{
					ProductGroup = 0464097620CF6137008DF29B /* Products */;
					ProjectRef = 0476591E20CF608A000FD790 /* HLHJInformationSDK.xcodeproj */;
				},
				{
					ProductGroup = 0464097420CF6137008DF29B /* Products */;
					ProjectRef = 0476594520CF608A000FD790 /* Pods.xcodeproj */;
				},
			);
			projectRoot = "";
			targets = (
				043ED0FE20C4EBAD00FF6933 /* HLHJInformationSDK */,
			);
		};
/* End PBXProject section */

/* Begin PBXReferenceProxy section */
		045D9A0F20F71E510075886B /* SVProgressHUD.framework */ = {
			isa = PBXReferenceProxy;
			fileType = wrapper.framework;
			path = SVProgressHUD.framework;
			remoteRef = 045D9A0E20F71E510075886B /* PBXContainerItemProxy */;
			sourceTree = BUILT_PRODUCTS_DIR;
		};
		0464097F20CF6137008DF29B /* Masonry.framework */ = {
			isa = PBXReferenceProxy;
			fileType = wrapper.framework;
			path = Masonry.framework;
			remoteRef = 0464097E20CF6137008DF29B /* PBXContainerItemProxy */;
			sourceTree = BUILT_PRODUCTS_DIR;
		};
		0464098120CF6137008DF29B /* Pods_HLHJInformationSDK.framework */ = {
			isa = PBXReferenceProxy;
			fileType = wrapper.framework;
			path = Pods_HLHJInformationSDK.framework;
			remoteRef = 0464098020CF6137008DF29B /* PBXContainerItemProxy */;
			sourceTree = BUILT_PRODUCTS_DIR;
		};
		0464098320CF6137008DF29B /* SDCycleScrollView.framework */ = {
			isa = PBXReferenceProxy;
			fileType = wrapper.framework;
			path = SDCycleScrollView.framework;
			remoteRef = 0464098220CF6137008DF29B /* PBXContainerItemProxy */;
			sourceTree = BUILT_PRODUCTS_DIR;
		};
		0464098520CF6137008DF29B /* SDWebImage.framework */ = {
			isa = PBXReferenceProxy;
			fileType = wrapper.framework;
			path = SDWebImage.framework;
			remoteRef = 0464098420CF6137008DF29B /* PBXContainerItemProxy */;
			sourceTree = BUILT_PRODUCTS_DIR;
		};
		0464098720CF6137008DF29B /* WMPageController.framework */ = {
			isa = PBXReferenceProxy;
			fileType = wrapper.framework;
			path = WMPageController.framework;
			remoteRef = 0464098620CF6137008DF29B /* PBXContainerItemProxy */;
			sourceTree = BUILT_PRODUCTS_DIR;
		};
		0464098920CF6137008DF29B /* ZFPlayer.framework */ = {
			isa = PBXReferenceProxy;
			fileType = wrapper.framework;
			path = ZFPlayer.framework;
			remoteRef = 0464098820CF6137008DF29B /* PBXContainerItemProxy */;
			sourceTree = BUILT_PRODUCTS_DIR;
		};
		0464099920CF61FF008DF29B /* AFNetworking.framework */ = {
			isa = PBXReferenceProxy;
			fileType = wrapper.framework;
			path = AFNetworking.framework;
			remoteRef = 0464099820CF61FF008DF29B /* PBXContainerItemProxy */;
			sourceTree = BUILT_PRODUCTS_DIR;
		};
		0464099B20CF61FF008DF29B /* MJRefresh.framework */ = {
			isa = PBXReferenceProxy;
			fileType = wrapper.framework;
			path = MJRefresh.framework;
			remoteRef = 0464099A20CF61FF008DF29B /* PBXContainerItemProxy */;
			sourceTree = BUILT_PRODUCTS_DIR;
		};
		046409B620CF79BC008DF29B /* YYModel.framework */ = {
			isa = PBXReferenceProxy;
			fileType = wrapper.framework;
			path = YYModel.framework;
			remoteRef = 046409B520CF79BC008DF29B /* PBXContainerItemProxy */;
			sourceTree = BUILT_PRODUCTS_DIR;
		};
		04D4B93B20F60D810060545A /* DZNEmptyDataSet.framework */ = {
			isa = PBXReferenceProxy;
			fileType = wrapper.framework;
			path = DZNEmptyDataSet.framework;
			remoteRef = 04D4B93A20F60D810060545A /* PBXContainerItemProxy */;
			sourceTree = BUILT_PRODUCTS_DIR;
		};
/* End PBXReferenceProxy section */

/* Begin PBXResourcesBuildPhase section */
		043ED0FD20C4EBAD00FF6933 /* Resources */ = {
			isa = PBXResourcesBuildPhase;
			buildActionMask = 2147483647;
			files = (
			);
			runOnlyForDeploymentPostprocessing = 0;
		};
/* End PBXResourcesBuildPhase section */

/* Begin PBXShellScriptBuildPhase section */
		4E4A9F10A1753222FA02A792 /* [CP] Check Pods Manifest.lock */ = {
			isa = PBXShellScriptBuildPhase;
			buildActionMask = 2147483647;
			files = (
			);
			inputPaths = (
				"${PODS_PODFILE_DIR_PATH}/Podfile.lock",
				"${PODS_ROOT}/Manifest.lock",
			);
			name = "[CP] Check Pods Manifest.lock";
			outputPaths = (
				"$(DERIVED_FILE_DIR)/Pods-HLHJInformationSDK-checkManifestLockResult.txt",
			);
			runOnlyForDeploymentPostprocessing = 0;
			shellPath = /bin/sh;
			shellScript = "diff \"${PODS_PODFILE_DIR_PATH}/Podfile.lock\" \"${PODS_ROOT}/Manifest.lock\" > /dev/null\nif [ $? != 0 ] ; then\n    # print error to STDERR\n    echo \"error: The sandbox is not in sync with the Podfile.lock. Run 'pod install' or update your CocoaPods installation.\" >&2\n    exit 1\nfi\n# This output is used by Xcode 'outputs' to avoid re-running this script phase.\necho \"SUCCESS\" > \"${SCRIPT_OUTPUT_FILE_0}\"\n";
			showEnvVarsInLog = 0;
		};
		6A1C5DB06E69C5C37BB93577 /* [CP] Copy Pods Resources */ = {
			isa = PBXShellScriptBuildPhase;
			buildActionMask = 2147483647;
			files = (
			);
			inputPaths = (
			);
			name = "[CP] Copy Pods Resources";
			outputPaths = (
			);
			runOnlyForDeploymentPostprocessing = 0;
			shellPath = /bin/sh;
			shellScript = "\"${SRCROOT}/Pods/Target Support Files/Pods-HLHJInformationSDK/Pods-HLHJInformationSDK-resources.sh\"\n";
			showEnvVarsInLog = 0;
		};
/* End PBXShellScriptBuildPhase section */

/* Begin PBXSourcesBuildPhase section */
		043ED0FA20C4EBAD00FF6933 /* Sources */ = {
			isa = PBXSourcesBuildPhase;
			buildActionMask = 2147483647;
			files = (
				042F24BD20E0DEF50018D1AA /* HLHJRecommendOneTableViewCell.m in Sources */,
				04EA1ABA20E3605700DC649C /* HLHJMoreCommentViewController.m in Sources */,
				042F248F20E082920018D1AA /* UIView+HLHJ.m in Sources */,
				0476591420CF5734000FD790 /* HLHJProjectListViewController.m in Sources */,
				04AEFDA020E1EEB40083847C /* HLHJBrowserImageView.m in Sources */,
				042F249320E082920018D1AA /* HLHJColumnMenu.m in Sources */,
				041391822143C20400A08BED /* HLHJNewProjectListCell.m in Sources */,
				043ED17620C5090C00FF6933 /* HLHJNewsViewController.m in Sources */,
				0465F14220C66A0D006CB9E7 /* HLHJRecommendedViewController.m in Sources */,
				04AEFDA120E1EEB40083847C /* HLHJPhotoBrowser.m in Sources */,
				046409BE20CFA4DC008DF29B /* HLHJCategoryNameModel.m in Sources */,
				041391912143CB5C00A08BED /* HLHJNewDetailCommonToolView.m in Sources */,
				042F249920E082920018D1AA /* HLHJColumnMenuModel.m in Sources */,
				047108B020E21BA900018FC4 /* HLHJNewsDetilModel.m in Sources */,
				0476591C20CF5CBE000FD790 /* HLHJNewsDetailViewController.m in Sources */,
				0464098F20CF61FE008DF29B /* HLHJInfomationNetWorkTool.m in Sources */,
				047108BC20E21DF000018FC4 /* HLHJArticleDetailTableViewCell.m in Sources */,
				0465F13E20C6598D006CB9E7 /* HLHJRecommendThreeTableViewCell.m in Sources */,
				0465F14C20C66F00006CB9E7 /* HLHJRecommendSix2TableViewCell.m in Sources */,
				042F24AB20E0CC340018D1AA /* HLHJContentModel.m in Sources */,
				04EA1AA920E35C4B00DC649C /* HLHJNewsCommentTableCell.m in Sources */,
				046409A520CF726A008DF29B /* HLHJSubjectNameListModel.m in Sources */,
				041391952143D0B100A08BED /* HLHJNewDetailSectionOneCell.m in Sources */,
				046409A120CF631F008DF29B /* UIColor+HLHJHex.m in Sources */,
				047108C120E21E8300018FC4 /* HLHJMoreTableViewCell.m in Sources */,
				047108C720E231E200018FC4 /* HLHJNewsSearchViewController.m in Sources */,
				042F249520E082920018D1AA /* HLHJColumnMenuCell.m in Sources */,
				042F24AF20E0D3960018D1AA /* HLHJRecommendFiveTableViewCell.m in Sources */,
				04AEFDA320E1EF6F0083847C /* HLHJWaitingView.m in Sources */,
				04173DC820CE738200660F6F /* HLHJRecommendSix1TableViewCell.m in Sources */,
				043ED17020C508A400FF6933 /* HLHJNewsBaseVC.m in Sources */,
				042F249220E082920018D1AA /* HLHJConfig.m in Sources */,
				042F249720E082920018D1AA /* HLHJColumnMenuHeaderView.m in Sources */,
				04EA1AB620E35CC600DC649C /* HLHJNewsConmmetModel.m in Sources */,
				04EA1AA320E33C4400DC649C /* HLHJNewsToast.m in Sources */,
				0465F13020C62ADF006CB9E7 /* HLHJRecommendTwoTableViewCell.m in Sources */,
			);
			runOnlyForDeploymentPostprocessing = 0;
		};
/* End PBXSourcesBuildPhase section */

/* Begin XCBuildConfiguration section */
		043ED10520C4EBAD00FF6933 /* Debug */ = {
			isa = XCBuildConfiguration;
			buildSettings = {
				ALWAYS_SEARCH_USER_PATHS = NO;
				CLANG_ANALYZER_NONNULL = YES;
				CLANG_ANALYZER_NUMBER_OBJECT_CONVERSION = YES_AGGRESSIVE;
				CLANG_CXX_LANGUAGE_STANDARD = "gnu++14";
				CLANG_CXX_LIBRARY = "libc++";
				CLANG_ENABLE_MODULES = YES;
				CLANG_ENABLE_OBJC_ARC = YES;
				CLANG_ENABLE_OBJC_WEAK = YES;
				CLANG_WARN_BLOCK_CAPTURE_AUTORELEASING = YES;
				CLANG_WARN_BOOL_CONVERSION = YES;
				CLANG_WARN_COMMA = YES;
				CLANG_WARN_CONSTANT_CONVERSION = YES;
				CLANG_WARN_DEPRECATED_OBJC_IMPLEMENTATIONS = YES;
				CLANG_WARN_DIRECT_OBJC_ISA_USAGE = YES_ERROR;
				CLANG_WARN_DOCUMENTATION_COMMENTS = YES;
				CLANG_WARN_EMPTY_BODY = YES;
				CLANG_WARN_ENUM_CONVERSION = YES;
				CLANG_WARN_INFINITE_RECURSION = YES;
				CLANG_WARN_INT_CONVERSION = YES;
				CLANG_WARN_NON_LITERAL_NULL_CONVERSION = YES;
				CLANG_WARN_OBJC_IMPLICIT_RETAIN_SELF = YES;
				CLANG_WARN_OBJC_LITERAL_CONVERSION = YES;
				CLANG_WARN_OBJC_ROOT_CLASS = YES_ERROR;
				CLANG_WARN_RANGE_LOOP_ANALYSIS = YES;
				CLANG_WARN_STRICT_PROTOTYPES = YES;
				CLANG_WARN_SUSPICIOUS_MOVE = YES;
				CLANG_WARN_UNGUARDED_AVAILABILITY = YES_AGGRESSIVE;
				CLANG_WARN_UNREACHABLE_CODE = YES;
				CLANG_WARN__DUPLICATE_METHOD_MATCH = YES;
				CODE_SIGN_IDENTITY = "iPhone Developer";
				COPY_PHASE_STRIP = NO;
				CURRENT_PROJECT_VERSION = 1;
				DEBUG_INFORMATION_FORMAT = dwarf;
				ENABLE_STRICT_OBJC_MSGSEND = YES;
				ENABLE_TESTABILITY = YES;
				GCC_C_LANGUAGE_STANDARD = gnu11;
				GCC_DYNAMIC_NO_PIC = NO;
				GCC_NO_COMMON_BLOCKS = YES;
				GCC_OPTIMIZATION_LEVEL = 0;
				GCC_PREPROCESSOR_DEFINITIONS = (
					"DEBUG=1",
					"$(inherited)",
				);
				GCC_WARN_64_TO_32_BIT_CONVERSION = YES;
				GCC_WARN_ABOUT_RETURN_TYPE = YES_ERROR;
				GCC_WARN_UNDECLARED_SELECTOR = YES;
				GCC_WARN_UNINITIALIZED_AUTOS = YES_AGGRESSIVE;
				GCC_WARN_UNUSED_FUNCTION = YES;
				GCC_WARN_UNUSED_VARIABLE = YES;
				IPHONEOS_DEPLOYMENT_TARGET = 11.4;
				MTL_ENABLE_DEBUG_INFO = YES;
				ONLY_ACTIVE_ARCH = YES;
				SDKROOT = iphoneos;
				VERSIONING_SYSTEM = "apple-generic";
				VERSION_INFO_PREFIX = "";
			};
			name = Debug;
		};
		043ED10620C4EBAD00FF6933 /* Release */ = {
			isa = XCBuildConfiguration;
			buildSettings = {
				ALWAYS_SEARCH_USER_PATHS = NO;
				CLANG_ANALYZER_NONNULL = YES;
				CLANG_ANALYZER_NUMBER_OBJECT_CONVERSION = YES_AGGRESSIVE;
				CLANG_CXX_LANGUAGE_STANDARD = "gnu++14";
				CLANG_CXX_LIBRARY = "libc++";
				CLANG_ENABLE_MODULES = YES;
				CLANG_ENABLE_OBJC_ARC = YES;
				CLANG_ENABLE_OBJC_WEAK = YES;
				CLANG_WARN_BLOCK_CAPTURE_AUTORELEASING = YES;
				CLANG_WARN_BOOL_CONVERSION = YES;
				CLANG_WARN_COMMA = YES;
				CLANG_WARN_CONSTANT_CONVERSION = YES;
				CLANG_WARN_DEPRECATED_OBJC_IMPLEMENTATIONS = YES;
				CLANG_WARN_DIRECT_OBJC_ISA_USAGE = YES_ERROR;
				CLANG_WARN_DOCUMENTATION_COMMENTS = YES;
				CLANG_WARN_EMPTY_BODY = YES;
				CLANG_WARN_ENUM_CONVERSION = YES;
				CLANG_WARN_INFINITE_RECURSION = YES;
				CLANG_WARN_INT_CONVERSION = YES;
				CLANG_WARN_NON_LITERAL_NULL_CONVERSION = YES;
				CLANG_WARN_OBJC_IMPLICIT_RETAIN_SELF = YES;
				CLANG_WARN_OBJC_LITERAL_CONVERSION = YES;
				CLANG_WARN_OBJC_ROOT_CLASS = YES_ERROR;
				CLANG_WARN_RANGE_LOOP_ANALYSIS = YES;
				CLANG_WARN_STRICT_PROTOTYPES = YES;
				CLANG_WARN_SUSPICIOUS_MOVE = YES;
				CLANG_WARN_UNGUARDED_AVAILABILITY = YES_AGGRESSIVE;
				CLANG_WARN_UNREACHABLE_CODE = YES;
				CLANG_WARN__DUPLICATE_METHOD_MATCH = YES;
				CODE_SIGN_IDENTITY = "iPhone Developer";
				COPY_PHASE_STRIP = NO;
				CURRENT_PROJECT_VERSION = 1;
				DEBUG_INFORMATION_FORMAT = "dwarf-with-dsym";
				ENABLE_NS_ASSERTIONS = NO;
				ENABLE_STRICT_OBJC_MSGSEND = YES;
				GCC_C_LANGUAGE_STANDARD = gnu11;
				GCC_NO_COMMON_BLOCKS = YES;
				GCC_WARN_64_TO_32_BIT_CONVERSION = YES;
				GCC_WARN_ABOUT_RETURN_TYPE = YES_ERROR;
				GCC_WARN_UNDECLARED_SELECTOR = YES;
				GCC_WARN_UNINITIALIZED_AUTOS = YES_AGGRESSIVE;
				GCC_WARN_UNUSED_FUNCTION = YES;
				GCC_WARN_UNUSED_VARIABLE = YES;
				IPHONEOS_DEPLOYMENT_TARGET = 11.4;
				MTL_ENABLE_DEBUG_INFO = NO;
				SDKROOT = iphoneos;
				VALIDATE_PRODUCT = YES;
				VERSIONING_SYSTEM = "apple-generic";
				VERSION_INFO_PREFIX = "";
			};
			name = Release;
		};
		043ED10820C4EBAD00FF6933 /* Debug */ = {
			isa = XCBuildConfiguration;
			baseConfigurationReference = 64FEAA898A33F0DE5C7E09F2 /* Pods-HLHJInformationSDK.debug.xcconfig */;
			buildSettings = {
				ARCHS = (
					"$(ARCHS_STANDARD)",
					armv7s,
				);
				CLANG_ENABLE_MODULES = YES;
				CODE_SIGN_IDENTITY = "";
				CODE_SIGN_STYLE = Automatic;
				DEAD_CODE_STRIPPING = NO;
				DEFINES_MODULE = YES;
				DEVELOPMENT_TEAM = REZMV5LYTN;
				DYLIB_COMPATIBILITY_VERSION = 1;
				DYLIB_CURRENT_VERSION = 1;
				DYLIB_INSTALL_NAME_BASE = "@rpath";
				FRAMEWORK_SEARCH_PATHS = (
					"$(inherited)",
					"$(PROJECT_DIR)/HLHJInformationSDK/Common/TMSDK/TMShareSdk",
					"$(PROJECT_DIR)/HLHJInformationSDK/Common/TMSDK/Base",
					"$(PROJECT_DIR)/HLHJInformationSDK/Common/TMSDK/login",
				);
				GCC_PREFIX_HEADER = HLHJInformationSDK/Common/Macro/HLHJPrefixHeader.pch;
				INFOPLIST_FILE = "$(SRCROOT)/HLHJInformationSDK/Info.plist";
				INSTALL_PATH = "$(LOCAL_LIBRARY_DIR)/Frameworks";
				IPHONEOS_DEPLOYMENT_TARGET = 9.0;
				LD_RUNPATH_SEARCH_PATHS = (
					"$(inherited)",
					"@executable_path/Frameworks",
					"@loader_path/Frameworks",
				);
				LINK_WITH_STANDARD_LIBRARIES = NO;
				MACH_O_TYPE = staticlib;
				ONLY_ACTIVE_ARCH = NO;
				PRODUCT_BUNDLE_IDENTIFIER = com.hlhj.HLHJNewsSDK;
				PRODUCT_NAME = "$(TARGET_NAME:c99extidentifier)";
				SKIP_INSTALL = YES;
				SWIFT_OPTIMIZATION_LEVEL = "-Onone";
				SWIFT_VERSION = 3.0;
				TARGETED_DEVICE_FAMILY = "1,2";
				USER_HEADER_SEARCH_PATHS = "$(PODS_ROOT)/**";
			};
			name = Debug;
		};
		043ED10920C4EBAD00FF6933 /* Release */ = {
			isa = XCBuildConfiguration;
			baseConfigurationReference = 910F9B96C0F69C5AA1D1A054 /* Pods-HLHJInformationSDK.release.xcconfig */;
			buildSettings = {
				ARCHS = (
					"$(ARCHS_STANDARD)",
					armv7s,
				);
				CLANG_ENABLE_MODULES = YES;
				CODE_SIGN_IDENTITY = "";
				CODE_SIGN_STYLE = Automatic;
				DEAD_CODE_STRIPPING = NO;
				DEFINES_MODULE = YES;
				DEVELOPMENT_TEAM = REZMV5LYTN;
				DYLIB_COMPATIBILITY_VERSION = 1;
				DYLIB_CURRENT_VERSION = 1;
				DYLIB_INSTALL_NAME_BASE = "@rpath";
				FRAMEWORK_SEARCH_PATHS = (
					"$(inherited)",
					"$(PROJECT_DIR)/HLHJInformationSDK/Common/TMSDK/TMShareSdk",
					"$(PROJECT_DIR)/HLHJInformationSDK/Common/TMSDK/Base",
					"$(PROJECT_DIR)/HLHJInformationSDK/Common/TMSDK/login",
				);
				GCC_PREFIX_HEADER = HLHJInformationSDK/Common/Macro/HLHJPrefixHeader.pch;
				INFOPLIST_FILE = "$(SRCROOT)/HLHJInformationSDK/Info.plist";
				INSTALL_PATH = "$(LOCAL_LIBRARY_DIR)/Frameworks";
				IPHONEOS_DEPLOYMENT_TARGET = 9.0;
				LD_RUNPATH_SEARCH_PATHS = (
					"$(inherited)",
					"@executable_path/Frameworks",
					"@loader_path/Frameworks",
				);
				LINK_WITH_STANDARD_LIBRARIES = NO;
				MACH_O_TYPE = staticlib;
				PRODUCT_BUNDLE_IDENTIFIER = com.hlhj.HLHJNewsSDK;
				PRODUCT_NAME = "$(TARGET_NAME:c99extidentifier)";
				SKIP_INSTALL = YES;
				SWIFT_VERSION = 3.0;
				TARGETED_DEVICE_FAMILY = "1,2";
				USER_HEADER_SEARCH_PATHS = "$(PODS_ROOT)/**";
			};
			name = Release;
		};
/* End XCBuildConfiguration section */

/* Begin XCConfigurationList section */
		043ED0F920C4EBAD00FF6933 /* Build configuration list for PBXProject "HLHJInformationSDK" */ = {
			isa = XCConfigurationList;
			buildConfigurations = (
				043ED10520C4EBAD00FF6933 /* Debug */,
				043ED10620C4EBAD00FF6933 /* Release */,
			);
			defaultConfigurationIsVisible = 0;
			defaultConfigurationName = Release;
		};
		043ED10720C4EBAD00FF6933 /* Build configuration list for PBXNativeTarget "HLHJInformationSDK" */ = {
			isa = XCConfigurationList;
			buildConfigurations = (
				043ED10820C4EBAD00FF6933 /* Debug */,
				043ED10920C4EBAD00FF6933 /* Release */,
			);
			defaultConfigurationIsVisible = 0;
			defaultConfigurationName = Release;
		};
/* End XCConfigurationList section */
	};
	rootObject = 043ED0F620C4EBAD00FF6933 /* Project object */;
}
